// !$*UTF8*$!
{
	archiveVersion = 1;
	classes = {
	};
	objectVersion = 56;
	objects = {

/* Begin PBXBuildFile section */
		8A1234560001 /* BookiApp.swift in Sources */ = {isa = PBXBuildFile; fileRef = 8A1234550001 /* BookiApp.swift */; };
		8A1234560002 /* ContentView.swift in Sources */ = {isa = PBXBuildFile; fileRef = 8A1234550002 /* ContentView.swift */; };
		8A1234560003 /* Assets.xcassets in Resources */ = {isa = PBXBuildFile; fileRef = 8A1234550003 /* Assets.xcassets */; };
		8A1234560004 /* Preview Assets.xcassets in Resources */ = {isa = PBXBuildFile; fileRef = 8A1234550004 /* Preview Assets.xcassets */; };
		8A1234560005 /* Bookie.swift in Sources */ = {isa = PBXBuildFile; fileRef = 8A1234550005 /* Bookie.swift */; };
		8A1234560006 /* Player.swift in Sources */ = {isa = PBXBuildFile; fileRef = 8A1234550006 /* Player.swift */; };
		8A1234560007 /* Bet.swift in Sources */ = {isa = PBXBuildFile; fileRef = 8A1234550007 /* Bet.swift */; };
		8A1234560008 /* LedgerEntry.swift in Sources */ = {isa = PBXBuildFile; fileRef = 8A1234550008 /* LedgerEntry.swift */; };
		8A1234560009 /* Event.swift in Sources */ = {isa = PBXBuildFile; fileRef = 8A1234550009 /* Event.swift */; };
		8A1234560010 /* Market.swift in Sources */ = {isa = PBXBuildFile; fileRef = 8A1234550010 /* Market.swift */; };
		8A1234560011 /* LiabilityService.swift in Sources */ = {isa = PBXBuildFile; fileRef = 8A1234550011 /* LiabilityService.swift */; };
		8A1234560012 /* LiabilityServiceTests.swift in Sources */ = {isa = PBXBuildFile; fileRef = 8A1234550012 /* LiabilityServiceTests.swift */; };
		8A1234560013 /* ExposureService.swift in Sources */ = {isa = PBXBuildFile; fileRef = 8A1234550014 /* ExposureService.swift */; };
		8A1234560014 /* ExposureServiceTests.swift in Sources */ = {isa = PBXBuildFile; fileRef = 8A1234550015 /* ExposureServiceTests.swift */; };
		8A1234560015 /* BalanceService.swift in Sources */ = {isa = PBXBuildFile; fileRef = 8A1234550016 /* BalanceService.swift */; };
		8A1234560016 /* BalanceServiceTests.swift in Sources */ = {isa = PBXBuildFile; fileRef = 8A1234550017 /* BalanceServiceTests.swift */; };
/* End PBXBuildFile section */

/* Begin PBXFileReference section */
		8A1234550000 /* Booki.app */ = {isa = PBXFileReference; explicitFileType = wrapper.application; includeInIndex = 0; path = Booki.app; sourceTree = BUILT_PRODUCTS_DIR; };
		8A1234550001 /* BookiApp.swift */ = {isa = PBXFileReference; lastKnownFileType = sourcecode.swift; path = BookiApp.swift; sourceTree = "<group>"; };
		8A1234550002 /* ContentView.swift */ = {isa = PBXFileReference; lastKnownFileType = sourcecode.swift; path = ContentView.swift; sourceTree = "<group>"; };
		8A1234550003 /* Assets.xcassets */ = {isa = PBXFileReference; lastKnownFileType = folder.assetcatalog; path = Assets.xcassets; sourceTree = "<group>"; };
		8A1234550004 /* Preview Assets.xcassets */ = {isa = PBXFileReference; lastKnownFileType = folder.assetcatalog; path = "Preview Assets.xcassets"; sourceTree = "<group>"; };
		8A1234550005 /* Bookie.swift */ = {isa = PBXFileReference; lastKnownFileType = sourcecode.swift; path = Bookie.swift; sourceTree = "<group>"; };
		8A1234550006 /* Player.swift */ = {isa = PBXFileReference; lastKnownFileType = sourcecode.swift; path = Player.swift; sourceTree = "<group>"; };
		8A1234550007 /* Bet.swift */ = {isa = PBXFileReference; lastKnownFileType = sourcecode.swift; path = Bet.swift; sourceTree = "<group>"; };
		8A1234550008 /* LedgerEntry.swift */ = {isa = PBXFileReference; lastKnownFileType = sourcecode.swift; path = LedgerEntry.swift; sourceTree = "<group>"; };
		8A1234550009 /* Event.swift */ = {isa = PBXFileReference; lastKnownFileType = sourcecode.swift; path = Event.swift; sourceTree = "<group>"; };
		8A1234550010 /* Market.swift */ = {isa = PBXFileReference; lastKnownFileType = sourcecode.swift; path = Market.swift; sourceTree = "<group>"; };
		8A1234550011 /* LiabilityService.swift */ = {isa = PBXFileReference; lastKnownFileType = sourcecode.swift; path = LiabilityService.swift; sourceTree = "<group>"; };
		8A1234550012 /* LiabilityServiceTests.swift */ = {isa = PBXFileReference; lastKnownFileType = sourcecode.swift; path = LiabilityServiceTests.swift; sourceTree = "<group>"; };
		8A1234550013 /* BookiTests.xctest */ = {isa = PBXFileReference; explicitFileType = wrapper.cfbundle; includeInIndex = 0; path = BookiTests.xctest; sourceTree = BUILT_PRODUCTS_DIR; };
		8A1234550014 /* ExposureService.swift */ = {isa = PBXFileReference; lastKnownFileType = sourcecode.swift; path = ExposureService.swift; sourceTree = "<group>"; };
		8A1234550015 /* ExposureServiceTests.swift */ = {isa = PBXFileReference; lastKnownFileType = sourcecode.swift; path = ExposureServiceTests.swift; sourceTree = "<group>"; };
		8A1234550016 /* BalanceService.swift */ = {isa = PBXFileReference; lastKnownFileType = sourcecode.swift; path = BalanceService.swift; sourceTree = "<group>"; };
		8A1234550017 /* BalanceServiceTests.swift */ = {isa = PBXFileReference; lastKnownFileType = sourcecode.swift; path = BalanceServiceTests.swift; sourceTree = "<group>"; };
/* End PBXFileReference section */

/* Begin PBXContainerItemProxy section */
		8A1234570001 /* PBXContainerItemProxy */ = {
			isa = PBXContainerItemProxy;
			containerPortal = 8A1234520000 /* Project object */;
			proxyType = 1;
			remoteGlobalIDString = 8A1234520001;
			remoteInfo = Booki;
		};
/* End PBXContainerItemProxy section */

/* Begin PBXFrameworksBuildPhase section */
		8A1234540001 /* Frameworks */ = {
			isa = PBXFrameworksBuildPhase;
			buildActionMask = 2147483647;
			files = (
			);
			runOnlyForDeploymentPostprocessing = 0;
		};
		8A1234540004 /* Frameworks */ = {
			isa = PBXFrameworksBuildPhase;
			buildActionMask = 2147483647;
			files = (
			);
			runOnlyForDeploymentPostprocessing = 0;
		};
/* End PBXFrameworksBuildPhase section */

/* Begin PBXGroup section */
		8A1234530000 = {
			isa = PBXGroup;
			children = (
				8A1234530001 /* Booki */,
				8A1234530008 /* BookiTests */,
				8A1234530002 /* Products */,
			);
			sourceTree = "<group>";
		};
		8A1234530008 /* BookiTests */ = {
			isa = PBXGroup;
			children = (
				8A1234550012 /* LiabilityServiceTests.swift */,
				8A1234550015 /* ExposureServiceTests.swift */,
				8A1234550017 /* BalanceServiceTests.swift */,
			);
			path = BookiTests;
			sourceTree = "<group>";
		};
		8A1234530001 /* Booki */ = {
			isa = PBXGroup;
			children = (
				8A1234550001 /* BookiApp.swift */,
				8A1234550002 /* ContentView.swift */,
				8A1234530003 /* Models */,
				8A1234530004 /* Views */,
				8A1234530005 /* ViewModels */,
				8A1234530006 /* Services */,
				8A1234550003 /* Assets.xcassets */,
				8A1234530007 /* Preview Content */,
			);
			path = Booki;
			sourceTree = "<group>";
		};
		8A1234530002 /* Products */ = {
			isa = PBXGroup;
			children = (
				8A1234550000 /* Booki.app */,
				8A1234550013 /* BookiTests.xctest */,
			);
			name = Products;
			sourceTree = "<group>";
		};
		8A1234530003 /* Models */ = {
			isa = PBXGroup;
			children = (
				8A1234550005 /* Bookie.swift */,
				8A1234550006 /* Player.swift */,
				8A1234550007 /* Bet.swift */,
				8A1234550008 /* LedgerEntry.swift */,
				8A1234550009 /* Event.swift */,
				8A1234550010 /* Market.swift */,
			);
			path = Models;
			sourceTree = "<group>";
		};
		8A1234530004 /* Views */ = {
			isa = PBXGroup;
			children = (
			);
			path = Views;
			sourceTree = "<group>";
		};
		8A1234530005 /* ViewModels */ = {
			isa = PBXGroup;
			children = (
			);
			path = ViewModels;
			sourceTree = "<group>";
		};
		8A1234530006 /* Services */ = {
			isa = PBXGroup;
			children = (
				8A1234550011 /* LiabilityService.swift */,
				8A1234550014 /* ExposureService.swift */,
				8A1234550016 /* BalanceService.swift */,
			);
			path = Services;
			sourceTree = "<group>";
		};
		8A1234530007 /* Preview Content */ = {
			isa = PBXGroup;
			children = (
				8A1234550004 /* Preview Assets.xcassets */,
			);
			path = "Preview Content";
			sourceTree = "<group>";
		};
/* End PBXGroup section */

/* Begin PBXNativeTarget section */
		8A1234520001 /* Booki */ = {
			isa = PBXNativeTarget;
			buildConfigurationList = 8A1234510001 /* Build configuration list for PBXNativeTarget "Booki" */;
			buildPhases = (
				8A1234540000 /* Sources */,
				8A1234540001 /* Frameworks */,
				8A1234540002 /* Resources */,
			);
			buildRules = (
			);
			dependencies = (
			);
			name = Booki;
			productName = Booki;
			productReference = 8A1234550000 /* Booki.app */;
			productType = "com.apple.product-type.application";
		};
		8A1234520002 /* BookiTests */ = {
			isa = PBXNativeTarget;
			buildConfigurationList = 8A1234510002 /* Build configuration list for PBXNativeTarget "BookiTests" */;
			buildPhases = (
				8A1234540003 /* Sources */,
				8A1234540004 /* Frameworks */,
			);
			buildRules = (
			);
			dependencies = (
				8A1234580001 /* PBXTargetDependency */,
			);
			name = BookiTests;
			productName = BookiTests;
			productReference = 8A1234550013 /* BookiTests.xctest */;
			productType = "com.apple.product-type.bundle.unit-test";
		};
/* End PBXNativeTarget section */

/* Begin PBXTargetDependency section */
		8A1234580001 /* PBXTargetDependency */ = {
			isa = PBXTargetDependency;
			target = 8A1234520001 /* Booki */;
			targetProxy = 8A1234570001 /* PBXContainerItemProxy */;
		};
/* End PBXTargetDependency section */

/* Begin PBXProject section */
		8A1234520000 /* Project object */ = {
			isa = PBXProject;
			attributes = {
				BuildIndependentTargetsInParallel = 1;
				LastSwiftUpdateCheck = 1500;
				LastUpgradeCheck = 1500;
				TargetAttributes = {
					8A1234520001 = {
						CreatedOnToolsVersion = 15.0;
					};
				};
			};
			buildConfigurationList = 8A1234510000 /* Build configuration list for PBXProject "Booki" */;
			compatibilityVersion = "Xcode 14.0";
			developmentRegion = en;
			hasScannedForEncodings = 0;
			knownRegions = (
				en,
				Base,
			);
			mainGroup = 8A1234530000;
			productRefGroup = 8A1234530002 /* Products */;
			projectDirPath = "";
			projectRoot = "";
			targets = (
				8A1234520001 /* Booki */,
				8A1234520002 /* BookiTests */,
			);
		};
/* End PBXProject section */

/* Begin PBXResourcesBuildPhase section */
		8A1234540002 /* Resources */ = {
			isa = PBXResourcesBuildPhase;
			buildActionMask = 2147483647;
			files = (
				8A1234560004 /* Preview Assets.xcassets in Resources */,
				8A1234560003 /* Assets.xcassets in Resources */,
			);
			runOnlyForDeploymentPostprocessing = 0;
		};
/* End PBXResourcesBuildPhase section */

/* Begin PBXSourcesBuildPhase section */
		8A1234540000 /* Sources */ = {
			isa = PBXSourcesBuildPhase;
			buildActionMask = 2147483647;
			files = (
				8A1234560002 /* ContentView.swift in Sources */,
				8A1234560001 /* BookiApp.swift in Sources */,
				8A1234560005 /* Bookie.swift in Sources */,
				8A1234560006 /* Player.swift in Sources */,
				8A1234560007 /* Bet.swift in Sources */,
				8A1234560008 /* LedgerEntry.swift in Sources */,
				8A1234560009 /* Event.swift in Sources */,
				8A1234560010 /* Market.swift in Sources */,
				8A1234560011 /* LiabilityService.swift in Sources */,
				8A1234560013 /* ExposureService.swift in Sources */,
				8A1234560015 /* BalanceService.swift in Sources */,
			);
			runOnlyForDeploymentPostprocessing = 0;
		};
		8A1234540003 /* Sources */ = {
			isa = PBXSourcesBuildPhase;
			buildActionMask = 2147483647;
			files = (
				8A1234560012 /* LiabilityServiceTests.swift in Sources */,
				8A1234560014 /* ExposureServiceTests.swift in Sources */,
				8A1234560016 /* BalanceServiceTests.swift in Sources */,
			);
			runOnlyForDeploymentPostprocessing = 0;
		};
/* End PBXSourcesBuildPhase section */

/* Begin XCBuildConfiguration section */
		8A1234500004 /* Debug */ = {
			isa = XCBuildConfiguration;
			buildSettings = {
				BUNDLE_LOADER = "$(TEST_HOST)";
				CODE_SIGN_STYLE = Automatic;
				CURRENT_PROJECT_VERSION = 1;
				GENERATE_INFOPLIST_FILE = YES;
				IPHONEOS_DEPLOYMENT_TARGET = 17.0;
				MARKETING_VERSION = 1.0;
				PRODUCT_BUNDLE_IDENTIFIER = com.booki.BookiTests;
				PRODUCT_NAME = "$(TARGET_NAME)";
				SWIFT_EMIT_LOC_STRINGS = NO;
				SWIFT_VERSION = 5.0;
				TARGETED_DEVICE_FAMILY = "1,2";
				TEST_HOST = "$(BUILT_PRODUCTS_DIR)/Booki.app/$(BUNDLE_EXECUTABLE_FOLDER_PATH)/Booki";
			};
			name = Debug;
		};
		8A1234500005 /* Release */ = {
			isa = XCBuildConfiguration;
			buildSettings = {
				BUNDLE_LOADER = "$(TEST_HOST)";
				CODE_SIGN_STYLE = Automatic;
				CURRENT_PROJECT_VERSION = 1;
				GENERATE_INFOPLIST_FILE = YES;
				IPHONEOS_DEPLOYMENT_TARGET = 17.0;
				MARKETING_VERSION = 1.0;
				PRODUCT_BUNDLE_IDENTIFIER = com.booki.BookiTests;
				PRODUCT_NAME = "$(TARGET_NAME)";
				SWIFT_EMIT_LOC_STRINGS = NO;
				SWIFT_VERSION = 5.0;
				TARGETED_DEVICE_FAMILY = "1,2";
				TEST_HOST = "$(BUILT_PRODUCTS_DIR)/Booki.app/$(BUNDLE_EXECUTABLE_FOLDER_PATH)/Booki";
			};
			name = Release;
		};
		8A1234500000 /* Debug */ = {
			isa = XCBuildConfiguration;
			buildSettings = {
				ALWAYS_SEARCH_USER_PATHS = NO;
				ASSETCATALOG_COMPILER_GENERATE_SWIFT_ASSET_SYMBOL_EXTENSIONS = YES;
				CLANG_ANALYZER_NONNULL = YES;
				CLANG_ANALYZER_NUMBER_OBJECT_CONVERSION = YES_AGGRESSIVE;
				CLANG_CXX_LANGUAGE_STANDARD = "gnu++20";
				CLANG_ENABLE_MODULES = YES;
				CLANG_ENABLE_OBJC_ARC = YES;
				CLANG_ENABLE_OBJC_WEAK = YES;
				CLANG_WARN_BLOCK_CAPTURE_AUTORELEASING = YES;
				CLANG_WARN_BOOL_CONVERSION = YES;
				CLANG_WARN_COMMA = YES;
				CLANG_WARN_CONSTANT_CONVERSION = YES;
				CLANG_WARN_DEPRECATED_OBJC_IMPLEMENTATIONS = YES;
				CLANG_WARN_DIRECT_OBJC_ISA_USAGE = YES_ERROR;
				CLANG_WARN_DOCUMENTATION_COMMENTS = YES;
				CLANG_WARN_EMPTY_BODY = YES;
				CLANG_WARN_ENUM_CONVERSION = YES;
				CLANG_WARN_INFINITE_RECURSION = YES;
				CLANG_WARN_INT_CONVERSION = YES;
				CLANG_WARN_NON_LITERAL_NULL_CONVERSION = YES;
				CLANG_WARN_OBJC_IMPLICIT_RETAIN_SELF = YES;
				CLANG_WARN_OBJC_LITERAL_CONVERSION = YES;
				CLANG_WARN_OBJC_ROOT_CLASS = YES_ERROR;
				CLANG_WARN_QUOTED_INCLUDE_IN_FRAMEWORK_HEADER = YES;
				CLANG_WARN_RANGE_LOOP_ANALYSIS = YES;
				CLANG_WARN_STRICT_PROTOTYPES = YES;
				CLANG_WARN_SUSPICIOUS_MOVE = YES;
				CLANG_WARN_UNGUARDED_AVAILABILITY = YES_AGGRESSIVE;
				CLANG_WARN_UNREACHABLE_CODE = YES;
				CLANG_WARN__DUPLICATE_METHOD_MATCH = YES;
				COPY_PHASE_STRIP = NO;
				DEBUG_INFORMATION_FORMAT = dwarf;
				ENABLE_STRICT_OBJC_MSGSEND = YES;
				ENABLE_TESTABILITY = YES;
				ENABLE_USER_SCRIPT_SANDBOXING = YES;
				GCC_C_LANGUAGE_STANDARD = gnu17;
				GCC_DYNAMIC_NO_PIC = NO;
				GCC_NO_COMMON_BLOCKS = YES;
				GCC_OPTIMIZATION_LEVEL = 0;
				GCC_PREPROCESSOR_DEFINITIONS = (
					"DEBUG=1",
					"$(inherited)",
				);
				GCC_WARN_64_TO_32_BIT_CONVERSION = YES;
				GCC_WARN_ABOUT_RETURN_TYPE = YES_ERROR;
				GCC_WARN_UNDECLARED_SELECTOR = YES;
				GCC_WARN_UNINITIALIZED_AUTOS = YES_AGGRESSIVE;
				GCC_WARN_UNUSED_FUNCTION = YES;
				GCC_WARN_UNUSED_VARIABLE = YES;
				IPHONEOS_DEPLOYMENT_TARGET = 17.0;
				LOCALIZATION_PREFERS_STRING_CATALOGS = YES;
				MTL_ENABLE_DEBUG_INFO = INCLUDE_SOURCE;
				MTL_FAST_MATH = YES;
				ONLY_ACTIVE_ARCH = YES;
				SDKROOT = iphoneos;
				SWIFT_ACTIVE_COMPILATION_CONDITIONS = "DEBUG $(inherited)";
				SWIFT_OPTIMIZATION_LEVEL = "-Onone";
			};
			name = Debug;
		};
		8A1234500001 /* Release */ = {
			isa = XCBuildConfiguration;
			buildSettings = {
				ALWAYS_SEARCH_USER_PATHS = NO;
				ASSETCATALOG_COMPILER_GENERATE_SWIFT_ASSET_SYMBOL_EXTENSIONS = YES;
				CLANG_ANALYZER_NONNULL = YES;
				CLANG_ANALYZER_NUMBER_OBJECT_CONVERSION = YES_AGGRESSIVE;
				CLANG_CXX_LANGUAGE_STANDARD = "gnu++20";
				CLANG_ENABLE_MODULES = YES;
				CLANG_ENABLE_OBJC_ARC = YES;
				CLANG_ENABLE_OBJC_WEAK = YES;
				CLANG_WARN_BLOCK_CAPTURE_AUTORELEASING = YES;
				CLANG_WARN_BOOL_CONVERSION = YES;
				CLANG_WARN_COMMA = YES;
				CLANG_WARN_CONSTANT_CONVERSION = YES;
				CLANG_WARN_DEPRECATED_OBJC_IMPLEMENTATIONS = YES;
				CLANG_WARN_DIRECT_OBJC_ISA_USAGE = YES_ERROR;
				CLANG_WARN_DOCUMENTATION_COMMENTS = YES;
				CLANG_WARN_EMPTY_BODY = YES;
				CLANG_WARN_ENUM_CONVERSION = YES;
				CLANG_WARN_INFINITE_RECURSION = YES;
				CLANG_WARN_INT_CONVERSION = YES;
				CLANG_WARN_NON_LITERAL_NULL_CONVERSION = YES;
				CLANG_WARN_OBJC_IMPLICIT_RETAIN_SELF = YES;
				CLANG_WARN_OBJC_LITERAL_CONVERSION = YES;
				CLANG_WARN_OBJC_ROOT_CLASS = YES_ERROR;
				CLANG_WARN_QUOTED_INCLUDE_IN_FRAMEWORK_HEADER = YES;
				CLANG_WARN_RANGE_LOOP_ANALYSIS = YES;
				CLANG_WARN_STRICT_PROTOTYPES = YES;
				CLANG_WARN_SUSPICIOUS_MOVE = YES;
				CLANG_WARN_UNGUARDED_AVAILABILITY = YES_AGGRESSIVE;
				CLANG_WARN_UNREACHABLE_CODE = YES;
				CLANG_WARN__DUPLICATE_METHOD_MATCH = YES;
				COPY_PHASE_STRIP = NO;
				DEBUG_INFORMATION_FORMAT = "dwarf-with-dsym";
				ENABLE_NS_ASSERTIONS = NO;
				ENABLE_STRICT_OBJC_MSGSEND = YES;
				ENABLE_USER_SCRIPT_SANDBOXING = YES;
				GCC_C_LANGUAGE_STANDARD = gnu17;
				GCC_NO_COMMON_BLOCKS = YES;
				GCC_WARN_64_TO_32_BIT_CONVERSION = YES;
				GCC_WARN_ABOUT_RETURN_TYPE = YES_ERROR;
				GCC_WARN_UNDECLARED_SELECTOR = YES;
				GCC_WARN_UNINITIALIZED_AUTOS = YES_AGGRESSIVE;
				GCC_WARN_UNUSED_FUNCTION = YES;
				GCC_WARN_UNUSED_VARIABLE = YES;
				IPHONEOS_DEPLOYMENT_TARGET = 17.0;
				LOCALIZATION_PREFERS_STRING_CATALOGS = YES;
				MTL_ENABLE_DEBUG_INFO = NO;
				MTL_FAST_MATH = YES;
				SDKROOT = iphoneos;
				SWIFT_COMPILATION_MODE = wholemodule;
				VALIDATE_PRODUCT = YES;
			};
			name = Release;
		};
		8A1234500002 /* Debug */ = {
			isa = XCBuildConfiguration;
			buildSettings = {
				ASSETCATALOG_COMPILER_APPICON_NAME = AppIcon;
				ASSETCATALOG_COMPILER_GLOBAL_ACCENT_COLOR_NAME = AccentColor;
				CODE_SIGN_STYLE = Automatic;
				CURRENT_PROJECT_VERSION = 1;
				DEVELOPMENT_ASSET_PATHS = "\"Booki/Preview Content\"";
				ENABLE_PREVIEWS = YES;
				GENERATE_INFOPLIST_FILE = YES;
				INFOPLIST_KEY_UIApplicationSceneManifest_Generation = YES;
				INFOPLIST_KEY_UIApplicationSupportsIndirectInputEvents = YES;
				INFOPLIST_KEY_UILaunchScreen_Generation = YES;
				INFOPLIST_KEY_UISupportedInterfaceOrientations_iPad = "UIInterfaceOrientationPortrait UIInterfaceOrientationPortraitUpsideDown UIInterfaceOrientationLandscapeLeft UIInterfaceOrientationLandscapeRight";
				INFOPLIST_KEY_UISupportedInterfaceOrientations_iPhone = "UIInterfaceOrientationPortrait UIInterfaceOrientationLandscapeLeft UIInterfaceOrientationLandscapeRight";
				LD_RUNPATH_SEARCH_PATHS = (
					"$(inherited)",
					"@executable_path/Frameworks",
				);
				MARKETING_VERSION = 1.0;
				PRODUCT_BUNDLE_IDENTIFIER = com.booki.app;
				PRODUCT_NAME = "$(TARGET_NAME)";
				SWIFT_EMIT_LOC_STRINGS = YES;
				SWIFT_VERSION = 5.0;
				TARGETED_DEVICE_FAMILY = "1,2";
			};
			name = Debug;
		};
		8A1234500003 /* Release */ = {
			isa = XCBuildConfiguration;
			buildSettings = {
				ASSETCATALOG_COMPILER_APPICON_NAME = AppIcon;
				ASSETCATALOG_COMPILER_GLOBAL_ACCENT_COLOR_NAME = AccentColor;
				CODE_SIGN_STYLE = Automatic;
				CURRENT_PROJECT_VERSION = 1;
				DEVELOPMENT_ASSET_PATHS = "\"Booki/Preview Content\"";
				ENABLE_PREVIEWS = YES;
				GENERATE_INFOPLIST_FILE = YES;
				INFOPLIST_KEY_UIApplicationSceneManifest_Generation = YES;
				INFOPLIST_KEY_UIApplicationSupportsIndirectInputEvents = YES;
				INFOPLIST_KEY_UILaunchScreen_Generation = YES;
				INFOPLIST_KEY_UISupportedInterfaceOrientations_iPad = "UIInterfaceOrientationPortrait UIInterfaceOrientationPortraitUpsideDown UIInterfaceOrientationLandscapeLeft UIInterfaceOrientationLandscapeRight";
				INFOPLIST_KEY_UISupportedInterfaceOrientations_iPhone = "UIInterfaceOrientationPortrait UIInterfaceOrientationLandscapeLeft UIInterfaceOrientationLandscapeRight";
				LD_RUNPATH_SEARCH_PATHS = (
					"$(inherited)",
					"@executable_path/Frameworks",
				);
				MARKETING_VERSION = 1.0;
				PRODUCT_BUNDLE_IDENTIFIER = com.booki.app;
				PRODUCT_NAME = "$(TARGET_NAME)";
				SWIFT_EMIT_LOC_STRINGS = YES;
				SWIFT_VERSION = 5.0;
				TARGETED_DEVICE_FAMILY = "1,2";
			};
			name = Release;
		};
/* End XCBuildConfiguration section */

/* Begin XCConfigurationList section */
		8A1234510000 /* Build configuration list for PBXProject "Booki" */ = {
			isa = XCConfigurationList;
			buildConfigurations = (
				8A1234500000 /* Debug */,
				8A1234500001 /* Release */,
			);
			defaultConfigurationIsVisible = 0;
			defaultConfigurationName = Release;
		};
		8A1234510001 /* Build configuration list for PBXNativeTarget "Booki" */ = {
			isa = XCConfigurationList;
			buildConfigurations = (
				8A1234500002 /* Debug */,
				8A1234500003 /* Release */,
			);
			defaultConfigurationIsVisible = 0;
			defaultConfigurationName = Release;
		};
		8A1234510002 /* Build configuration list for PBXNativeTarget "BookiTests" */ = {
			isa = XCConfigurationList;
			buildConfigurations = (
				8A1234500004 /* Debug */,
				8A1234500005 /* Release */,
			);
			defaultConfigurationIsVisible = 0;
			defaultConfigurationName = Release;
		};
/* End XCConfigurationList section */
	};
	rootObject = 8A1234520000 /* Project object */;
}
