// !$*UTF8*$!
{
	archiveVersion = 1;
	classes = {
	};
	objectVersion = 56;
	objects = {

/* Begin PBXBuildFile section */
		50F000012F33000000000001 /* SpaceGrotesk-Regular.ttf in Resources */ = {isa = PBXBuildFile; fileRef = 50F000002F33000000000001 /* SpaceGrotesk-Regular.ttf */; };
		50F000012F33000000000002 /* SpaceGrotesk-Medium.ttf in Resources */ = {isa = PBXBuildFile; fileRef = 50F000002F33000000000002 /* SpaceGrotesk-Medium.ttf */; };
		50F000012F33000000000003 /* SpaceGrotesk-Bold.ttf in Resources */ = {isa = PBXBuildFile; fileRef = 50F000002F33000000000003 /* SpaceGrotesk-Bold.ttf */; };
		50F000012F33000000000004 /* IBMPlexSans-Regular.ttf in Resources */ = {isa = PBXBuildFile; fileRef = 50F000002F33000000000004 /* IBMPlexSans-Regular.ttf */; };
		50F000012F33000000000005 /* IBMPlexSans-Medium.ttf in Resources */ = {isa = PBXBuildFile; fileRef = 50F000002F33000000000005 /* IBMPlexSans-Medium.ttf */; };
		50F000012F33000000000006 /* IBMPlexSans-Bold.ttf in Resources */ = {isa = PBXBuildFile; fileRef = 50F000002F33000000000006 /* IBMPlexSans-Bold.ttf */; };
		50C083EF2F25F8B0001A0FE5 /* CompactOddsButton.swift in Sources */ = {isa = PBXBuildFile; fileRef = 50C083ED2F25F8B0001A0FE5 /* CompactOddsButton.swift */; };
		50C083F02F25F8B0001A0FE5 /* CompactGameRow.swift in Sources */ = {isa = PBXBuildFile; fileRef = 50C083EC2F25F8B0001A0FE5 /* CompactGameRow.swift */; };
		50C083F12F25F8B0001A0FE5 /* GameDetailView.swift in Sources */ = {isa = PBXBuildFile; fileRef = 50C083EE2F25F8B0001A0FE5 /* GameDetailView.swift */; };
		50C083F42F2616C6001A0FE5 /* OddsAPIMapper.swift in Sources */ = {isa = PBXBuildFile; fileRef = 50C083F22F2616C6001A0FE5 /* OddsAPIMapper.swift */; };
		50C083F52F2616C6001A0FE5 /* OddsAPIService.swift in Sources */ = {isa = PBXBuildFile; fileRef = 50C083F32F2616C6001A0FE5 /* OddsAPIService.swift */; };
		50C083F72F2616D4001A0FE5 /* OddsAPIModels.swift in Sources */ = {isa = PBXBuildFile; fileRef = 50C083F62F2616D4001A0FE5 /* OddsAPIModels.swift */; };
		50C083FB2F26174D001A0FE5 /* FetchScoresView.swift in Sources */ = {isa = PBXBuildFile; fileRef = 50C083F82F26174D001A0FE5 /* FetchScoresView.swift */; };
		50C083FC2F26174D001A0FE5 /* RefreshOddsView.swift in Sources */ = {isa = PBXBuildFile; fileRef = 50C083FA2F26174D001A0FE5 /* RefreshOddsView.swift */; };
		50C083FD2F26174D001A0FE5 /* ImportEventsView.swift in Sources */ = {isa = PBXBuildFile; fileRef = 50C083F92F26174D001A0FE5 /* ImportEventsView.swift */; };
		50C084002F2BF471001A0FE5 /* UserAgreement.swift in Sources */ = {isa = PBXBuildFile; fileRef = 50C083FF2F2BF471001A0FE5 /* UserAgreement.swift */; };
		50C084012F2BF471001A0FE5 /* AuditEvent.swift in Sources */ = {isa = PBXBuildFile; fileRef = 50C083FE2F2BF471001A0FE5 /* AuditEvent.swift */; };
		50C084052F2BF49A001A0FE5 /* AgreementService.swift in Sources */ = {isa = PBXBuildFile; fileRef = 50C084022F2BF49A001A0FE5 /* AgreementService.swift */; };
		50C084062F2BF49A001A0FE5 /* AuditService.swift in Sources */ = {isa = PBXBuildFile; fileRef = 50C084032F2BF49A001A0FE5 /* AuditService.swift */; };
		50C084072F2BF49A001A0FE5 /* EdgeFunctionService.swift in Sources */ = {isa = PBXBuildFile; fileRef = 50C084042F2BF49A001A0FE5 /* EdgeFunctionService.swift */; };
		50C0840B2F2BF4B0001A0FE5 /* UserAgreementView.swift in Sources */ = {isa = PBXBuildFile; fileRef = 50C0840A2F2BF4B0001A0FE5 /* UserAgreementView.swift */; };
		50C0840C2F2BF4B0001A0FE5 /* BetHistoryView.swift in Sources */ = {isa = PBXBuildFile; fileRef = 50C084082F2BF4B0001A0FE5 /* BetHistoryView.swift */; };
		50C0840D2F2BF4B0001A0FE5 /* TermsOfService.swift in Sources */ = {isa = PBXBuildFile; fileRef = 50C084092F2BF4B0001A0FE5 /* TermsOfService.swift */; };
		50C0840F2F2C0347001A0FE5 /* SyncGamesView.swift in Sources */ = {isa = PBXBuildFile; fileRef = 50C0840E2F2C0347001A0FE5 /* SyncGamesView.swift */; };
		50C084112F2C4DA3001A0FE5 /* BetSlipManager.swift in Sources */ = {isa = PBXBuildFile; fileRef = 50C084102F2C4DA3001A0FE5 /* BetSlipManager.swift */; };
		50C084142F2C5000001A0FE5 /* NumericKeypadView.swift in Sources */ = {isa = PBXBuildFile; fileRef = 50C084132F2C5000001A0FE5 /* NumericKeypadView.swift */; };
		8A1234560001 /* BookiApp.swift in Sources */ = {isa = PBXBuildFile; fileRef = 8A1234550001 /* BookiApp.swift */; };
		8A1234560002 /* ContentView.swift in Sources */ = {isa = PBXBuildFile; fileRef = 8A1234550002 /* ContentView.swift */; };
		8A1234560003 /* Assets.xcassets in Resources */ = {isa = PBXBuildFile; fileRef = 8A1234550003 /* Assets.xcassets */; };
		8A1234560004 /* Preview Assets.xcassets in Resources */ = {isa = PBXBuildFile; fileRef = 8A1234550004 /* Preview Assets.xcassets */; };
		8A1234560005 /* Bookie.swift in Sources */ = {isa = PBXBuildFile; fileRef = 8A1234550005 /* Bookie.swift */; };
		8A1234560006 /* Player.swift in Sources */ = {isa = PBXBuildFile; fileRef = 8A1234550006 /* Player.swift */; };
		8A1234560007 /* Bet.swift in Sources */ = {isa = PBXBuildFile; fileRef = 8A1234550007 /* Bet.swift */; };
		8A1234560008 /* LedgerEntry.swift in Sources */ = {isa = PBXBuildFile; fileRef = 8A1234550008 /* LedgerEntry.swift */; };
		8A1234560009 /* Event.swift in Sources */ = {isa = PBXBuildFile; fileRef = 8A1234550009 /* Event.swift */; };
		8A1234560010 /* Market.swift in Sources */ = {isa = PBXBuildFile; fileRef = 8A1234550010 /* Market.swift */; };
		8A1234560011 /* LiabilityService.swift in Sources */ = {isa = PBXBuildFile; fileRef = 8A1234550011 /* LiabilityService.swift */; };
		8A1234560012 /* LiabilityServiceTests.swift in Sources */ = {isa = PBXBuildFile; fileRef = 8A1234550012 /* LiabilityServiceTests.swift */; };
		8A1234560013 /* ExposureService.swift in Sources */ = {isa = PBXBuildFile; fileRef = 8A1234550014 /* ExposureService.swift */; };
		8A1234560014 /* ExposureServiceTests.swift in Sources */ = {isa = PBXBuildFile; fileRef = 8A1234550015 /* ExposureServiceTests.swift */; };
		8A1234560015 /* BalanceService.swift in Sources */ = {isa = PBXBuildFile; fileRef = 8A1234550016 /* BalanceService.swift */; };
		8A1234560016 /* BalanceServiceTests.swift in Sources */ = {isa = PBXBuildFile; fileRef = 8A1234550017 /* BalanceServiceTests.swift */; };
		8A1234560017 /* BetService.swift in Sources */ = {isa = PBXBuildFile; fileRef = 8A1234550018 /* BetService.swift */; };
		8A1234560018 /* GradingService.swift in Sources */ = {isa = PBXBuildFile; fileRef = 8A1234550019 /* GradingService.swift */; };
		8A1234560019 /* PlayerService.swift in Sources */ = {isa = PBXBuildFile; fileRef = 8A1234550020 /* PlayerService.swift */; };
		8A1234560020 /* DashboardView.swift in Sources */ = {isa = PBXBuildFile; fileRef = 8A1234550021 /* DashboardView.swift */; };
		8A1234560021 /* BetsListView.swift in Sources */ = {isa = PBXBuildFile; fileRef = 8A1234550022 /* BetsListView.swift */; };
		8A1234560022 /* PlayersListView.swift in Sources */ = {isa = PBXBuildFile; fileRef = 8A1234550023 /* PlayersListView.swift */; };
		8A1234560023 /* GradingView.swift in Sources */ = {isa = PBXBuildFile; fileRef = 8A1234550024 /* GradingView.swift */; };
		8A1234560024 /* SettingsView.swift in Sources */ = {isa = PBXBuildFile; fileRef = 8A1234550025 /* SettingsView.swift */; };
		8A1234560025 /* DashboardViewModel.swift in Sources */ = {isa = PBXBuildFile; fileRef = 8A1234550026 /* DashboardViewModel.swift */; };
		8A1234560026 /* EventDetailView.swift in Sources */ = {isa = PBXBuildFile; fileRef = 8A1234550027 /* EventDetailView.swift */; };
		8A1234560027 /* SubmitBetView.swift in Sources */ = {isa = PBXBuildFile; fileRef = 8A1234550028 /* SubmitBetView.swift */; };
		8A1234560028 /* TrackView.swift in Sources */ = {isa = PBXBuildFile; fileRef = 8A1234550029 /* TrackView.swift */; };
		8A1234560029 /* EventsListView.swift in Sources */ = {isa = PBXBuildFile; fileRef = 8A1234550030 /* EventsListView.swift */; };
		8A1234560030 /* AddEventSheet.swift in Sources */ = {isa = PBXBuildFile; fileRef = 8A1234550031 /* AddEventSheet.swift */; };
		8A1234560031 /* AddMarketSheet.swift in Sources */ = {isa = PBXBuildFile; fileRef = 8A1234550032 /* AddMarketSheet.swift */; };
		8A1234560032 /* EditMarketSheet.swift in Sources */ = {isa = PBXBuildFile; fileRef = 8A1234550033 /* EditMarketSheet.swift */; };
		8A1234560033 /* SeedDataService.swift in Sources */ = {isa = PBXBuildFile; fileRef = 8A1234550034 /* SeedDataService.swift */; };
		8A1234560034 /* GamesView.swift in Sources */ = {isa = PBXBuildFile; fileRef = 8A1234550035 /* GamesView.swift */; };
		8A1234560035 /* GameCardView.swift in Sources */ = {isa = PBXBuildFile; fileRef = 8A1234550036 /* GameCardView.swift */; };
		8A1234560036 /* FavoritesManager.swift in Sources */ = {isa = PBXBuildFile; fileRef = 8A1234550037 /* FavoritesManager.swift */; };
		8A1234560037 /* BetSlipManager.swift in Sources */ = {isa = PBXBuildFile; fileRef = 8A1234550038 /* BetSlipManager.swift */; };
		8A1234560038 /* BetSlipSheet.swift in Sources */ = {isa = PBXBuildFile; fileRef = 8A1234550039 /* BetSlipSheet.swift */; };
		8A1234560039 /* BetConfirmationSheet.swift in Sources */ = {isa = PBXBuildFile; fileRef = 8A1234550040 /* BetConfirmationSheet.swift */; };
		8A1234560040 /* AccountView.swift in Sources */ = {isa = PBXBuildFile; fileRef = 8A1234550041 /* AccountView.swift */; };
		8A1234560041 /* Theme.swift in Sources */ = {isa = PBXBuildFile; fileRef = 8A1234550042 /* Theme.swift */; };
		8A1234560042 /* PlayerLoginView.swift in Sources */ = {isa = PBXBuildFile; fileRef = 8A1234550043 /* PlayerLoginView.swift */; };
		8A1234560043 /* GradeEventSheet.swift in Sources */ = {isa = PBXBuildFile; fileRef = 8A1234550044 /* GradeEventSheet.swift */; };
		8A1234560044 /* PaymentSheet.swift in Sources */ = {isa = PBXBuildFile; fileRef = 8A1234550045 /* PaymentSheet.swift */; };
		8A1234560045 /* WeeklySettlementView.swift in Sources */ = {isa = PBXBuildFile; fileRef = 8A1234550046 /* WeeklySettlementView.swift */; };
		8A1234560046 /* AppHeaderView.swift in Sources */ = {isa = PBXBuildFile; fileRef = 8A1234550047 /* AppHeaderView.swift */; };
		8A1234560047 /* TicketDetailView.swift in Sources */ = {isa = PBXBuildFile; fileRef = 8A1234550048 /* TicketDetailView.swift */; };
		8A1234560048 /* AcceptancePolicy.swift in Sources */ = {isa = PBXBuildFile; fileRef = 8A1234550049 /* AcceptancePolicy.swift */; };
		8A1234560049 /* AcceptancePolicyService.swift in Sources */ = {isa = PBXBuildFile; fileRef = 8A1234550050 /* AcceptancePolicyService.swift */; };
		8A1234560050 /* AcceptancePolicySettingsView.swift in Sources */ = {isa = PBXBuildFile; fileRef = 8A1234550051 /* AcceptancePolicySettingsView.swift */; };
		8A1234560051 /* ParlayGradingService.swift in Sources */ = {isa = PBXBuildFile; fileRef = 8A1234550052 /* ParlayGradingService.swift */; };
		8A1234560053 /* SettlementPeriod.swift in Sources */ = {isa = PBXBuildFile; fileRef = 8A1234550053 /* SettlementPeriod.swift */; };
		8A1234560054 /* PlayerSettlement.swift in Sources */ = {isa = PBXBuildFile; fileRef = 8A1234550054 /* PlayerSettlement.swift */; };
		8A1234560055 /* SettlementService.swift in Sources */ = {isa = PBXBuildFile; fileRef = 8A1234550055 /* SettlementService.swift */; };
		8A1234560056 /* SupabaseConfig.swift in Sources */ = {isa = PBXBuildFile; fileRef = 8A1234550056 /* SupabaseConfig.swift */; };
		8A1234560057 /* SupabaseClient.swift in Sources */ = {isa = PBXBuildFile; fileRef = 8A1234550057 /* SupabaseClient.swift */; };
		8A1234560058 /* Supabase in Frameworks */ = {isa = PBXBuildFile; productRef = 8A1234590001 /* Supabase */; };
		8A1234560059 /* AuthManager.swift in Sources */ = {isa = PBXBuildFile; fileRef = 8A1234550059 /* AuthManager.swift */; };
		8A1234560060 /* SignUpView.swift in Sources */ = {isa = PBXBuildFile; fileRef = 8A1234550060 /* SignUpView.swift */; };
		8A1234560061 /* LoginView.swift in Sources */ = {isa = PBXBuildFile; fileRef = 8A1234550061 /* LoginView.swift */; };
		8A1234560062 /* AppleSignInButton.swift in Sources */ = {isa = PBXBuildFile; fileRef = 8A1234550062 /* AppleSignInButton.swift */; };
		8A1234560063 /* ForgotPasswordView.swift in Sources */ = {isa = PBXBuildFile; fileRef = 8A1234550063 /* ForgotPasswordView.swift */; };
		8A1234560064 /* AuthGateView.swift in Sources */ = {isa = PBXBuildFile; fileRef = 8A1234550064 /* AuthGateView.swift */; };
		8A1234560065 /* BookieService.swift in Sources */ = {isa = PBXBuildFile; fileRef = 8A1234550065 /* BookieService.swift */; };
		8A1234560066 /* SyncService.swift in Sources */ = {isa = PBXBuildFile; fileRef = 8A1234550066 /* SyncService.swift */; };
		8A1234560067 /* RealtimeService.swift in Sources */ = {isa = PBXBuildFile; fileRef = 8A1234550067 /* RealtimeService.swift */; };
		8A1234560068 /* NetworkMonitor.swift in Sources */ = {isa = PBXBuildFile; fileRef = 8A1234550068 /* NetworkMonitor.swift */; };
		8A1234560069 /* Syncable.swift in Sources */ = {isa = PBXBuildFile; fileRef = 8A1234550069 /* Syncable.swift */; };
		8A1234560070 /* SyncModels.swift in Sources */ = {isa = PBXBuildFile; fileRef = 8A1234550070 /* SyncModels.swift */; };
		8A1234560071 /* InviteCodeService.swift in Sources */ = {isa = PBXBuildFile; fileRef = 8A1234550071 /* InviteCodeService.swift */; };
		8A1234560072 /* PlayerClaimView.swift in Sources */ = {isa = PBXBuildFile; fileRef = 8A1234550072 /* PlayerClaimView.swift */; };
		8A1234560073 /* PlayerMainView.swift in Sources */ = {isa = PBXBuildFile; fileRef = 8A1234550073 /* PlayerMainView.swift */; };
		8A1234560074 /* PlayerRiskService.swift in Sources */ = {isa = PBXBuildFile; fileRef = 8A1234550074 /* PlayerRiskService.swift */; };
		8A1234560075 /* AttentionFeedView.swift in Sources */ = {isa = PBXBuildFile; fileRef = 8A1234550075 /* AttentionFeedView.swift */; };
		8A1234560076 /* SettlementSnapshotCard.swift in Sources */ = {isa = PBXBuildFile; fileRef = 8A1234550076 /* SettlementSnapshotCard.swift */; };
		8A1234560077 /* PlayerRiskWatchlistCard.swift in Sources */ = {isa = PBXBuildFile; fileRef = 8A1234550077 /* PlayerRiskWatchlistCard.swift */; };
		8A1234560078 /* TonightsExposureCard.swift in Sources */ = {isa = PBXBuildFile; fileRef = 8A1234550078 /* TonightsExposureCard.swift */; };
		8A1234560079 /* OnboardingManager.swift in Sources */ = {isa = PBXBuildFile; fileRef = 8A1234550079 /* OnboardingManager.swift */; };
		8A1234560080 /* OnboardingWelcomeView.swift in Sources */ = {isa = PBXBuildFile; fileRef = 8A1234550080 /* OnboardingWelcomeView.swift */; };
		8A1234560081 /* OnboardingConfigureView.swift in Sources */ = {isa = PBXBuildFile; fileRef = 8A1234550081 /* OnboardingConfigureView.swift */; };
		8A1234560082 /* OnboardingAddPlayersView.swift in Sources */ = {isa = PBXBuildFile; fileRef = 8A1234550082 /* OnboardingAddPlayersView.swift */; };
		8A1234560083 /* OnboardingImportGamesView.swift in Sources */ = {isa = PBXBuildFile; fileRef = 8A1234550083 /* OnboardingImportGamesView.swift */; };
		8A1234560084 /* OnboardingSuccessView.swift in Sources */ = {isa = PBXBuildFile; fileRef = 8A1234550084 /* OnboardingSuccessView.swift */; };
		8A1234560085 /* OnboardingContainerView.swift in Sources */ = {isa = PBXBuildFile; fileRef = 8A1234550085 /* OnboardingContainerView.swift */; };
		8A1234560086 /* FinishSetupCard.swift in Sources */ = {isa = PBXBuildFile; fileRef = 8A1234550086 /* FinishSetupCard.swift */; };
		8A1234560087 /* AnalyticsDashboardView.swift in Sources */ = {isa = PBXBuildFile; fileRef = 8A1234550087 /* AnalyticsDashboardView.swift */; };
		8A1234560088 /* PlayerAnalyticsDetailView.swift in Sources */ = {isa = PBXBuildFile; fileRef = 8A1234550088 /* PlayerAnalyticsDetailView.swift */; };
		8A1234560089 /* PlayerAttentionService.swift in Sources */ = {isa = PBXBuildFile; fileRef = 8A1234550089 /* PlayerAttentionService.swift */; };
/* End PBXBuildFile section */

/* Begin PBXContainerItemProxy section */
		8A1234570001 /* PBXContainerItemProxy */ = {
			isa = PBXContainerItemProxy;
			containerPortal = 8A1234520000 /* Project object */;
			proxyType = 1;
			remoteGlobalIDString = 8A1234520001;
			remoteInfo = Booki;
		};
/* End PBXContainerItemProxy section */

/* Begin PBXFileReference section */
		50F000002F33000000000001 /* SpaceGrotesk-Regular.ttf */ = {isa = PBXFileReference; lastKnownFileType = file; path = "SpaceGrotesk-Regular.ttf"; sourceTree = "<group>"; };
		50F000002F33000000000002 /* SpaceGrotesk-Medium.ttf */ = {isa = PBXFileReference; lastKnownFileType = file; path = "SpaceGrotesk-Medium.ttf"; sourceTree = "<group>"; };
		50F000002F33000000000003 /* SpaceGrotesk-Bold.ttf */ = {isa = PBXFileReference; lastKnownFileType = file; path = "SpaceGrotesk-Bold.ttf"; sourceTree = "<group>"; };
		50F000002F33000000000004 /* IBMPlexSans-Regular.ttf */ = {isa = PBXFileReference; lastKnownFileType = file; path = "IBMPlexSans-Regular.ttf"; sourceTree = "<group>"; };
		50F000002F33000000000005 /* IBMPlexSans-Medium.ttf */ = {isa = PBXFileReference; lastKnownFileType = file; path = "IBMPlexSans-Medium.ttf"; sourceTree = "<group>"; };
		50F000002F33000000000006 /* IBMPlexSans-Bold.ttf */ = {isa = PBXFileReference; lastKnownFileType = file; path = "IBMPlexSans-Bold.ttf"; sourceTree = "<group>"; };
		50C083EC2F25F8B0001A0FE5 /* CompactGameRow.swift */ = {isa = PBXFileReference; lastKnownFileType = sourcecode.swift; path = CompactGameRow.swift; sourceTree = "<group>"; };
		50C083ED2F25F8B0001A0FE5 /* CompactOddsButton.swift */ = {isa = PBXFileReference; lastKnownFileType = sourcecode.swift; path = CompactOddsButton.swift; sourceTree = "<group>"; };
		50C083EE2F25F8B0001A0FE5 /* GameDetailView.swift */ = {isa = PBXFileReference; lastKnownFileType = sourcecode.swift; path = GameDetailView.swift; sourceTree = "<group>"; };
		50C083F22F2616C6001A0FE5 /* OddsAPIMapper.swift */ = {isa = PBXFileReference; lastKnownFileType = sourcecode.swift; path = OddsAPIMapper.swift; sourceTree = "<group>"; };
		50C083F32F2616C6001A0FE5 /* OddsAPIService.swift */ = {isa = PBXFileReference; lastKnownFileType = sourcecode.swift; path = OddsAPIService.swift; sourceTree = "<group>"; };
		50C083F62F2616D4001A0FE5 /* OddsAPIModels.swift */ = {isa = PBXFileReference; lastKnownFileType = sourcecode.swift; path = OddsAPIModels.swift; sourceTree = "<group>"; };
		50C083F82F26174D001A0FE5 /* FetchScoresView.swift */ = {isa = PBXFileReference; lastKnownFileType = sourcecode.swift; path = FetchScoresView.swift; sourceTree = "<group>"; };
		50C083F92F26174D001A0FE5 /* ImportEventsView.swift */ = {isa = PBXFileReference; lastKnownFileType = sourcecode.swift; path = ImportEventsView.swift; sourceTree = "<group>"; };
		50C083FA2F26174D001A0FE5 /* RefreshOddsView.swift */ = {isa = PBXFileReference; lastKnownFileType = sourcecode.swift; path = RefreshOddsView.swift; sourceTree = "<group>"; };
		50C083FE2F2BF471001A0FE5 /* AuditEvent.swift */ = {isa = PBXFileReference; lastKnownFileType = sourcecode.swift; path = AuditEvent.swift; sourceTree = "<group>"; };
		50C083FF2F2BF471001A0FE5 /* UserAgreement.swift */ = {isa = PBXFileReference; lastKnownFileType = sourcecode.swift; path = UserAgreement.swift; sourceTree = "<group>"; };
		50C084022F2BF49A001A0FE5 /* AgreementService.swift */ = {isa = PBXFileReference; lastKnownFileType = sourcecode.swift; path = AgreementService.swift; sourceTree = "<group>"; };
		50C084032F2BF49A001A0FE5 /* AuditService.swift */ = {isa = PBXFileReference; lastKnownFileType = sourcecode.swift; path = AuditService.swift; sourceTree = "<group>"; };
		50C084042F2BF49A001A0FE5 /* EdgeFunctionService.swift */ = {isa = PBXFileReference; lastKnownFileType = sourcecode.swift; path = EdgeFunctionService.swift; sourceTree = "<group>"; };
		50C084082F2BF4B0001A0FE5 /* BetHistoryView.swift */ = {isa = PBXFileReference; lastKnownFileType = sourcecode.swift; path = BetHistoryView.swift; sourceTree = "<group>"; };
		50C084092F2BF4B0001A0FE5 /* TermsOfService.swift */ = {isa = PBXFileReference; lastKnownFileType = sourcecode.swift; path = TermsOfService.swift; sourceTree = "<group>"; };
		50C0840A2F2BF4B0001A0FE5 /* UserAgreementView.swift */ = {isa = PBXFileReference; lastKnownFileType = sourcecode.swift; path = UserAgreementView.swift; sourceTree = "<group>"; };
		50C0840E2F2C0347001A0FE5 /* SyncGamesView.swift */ = {isa = PBXFileReference; lastKnownFileType = sourcecode.swift; path = SyncGamesView.swift; sourceTree = "<group>"; };
		50C084102F2C4DA3001A0FE5 /* BetSlipManager.swift */ = {isa = PBXFileReference; lastKnownFileType = sourcecode.swift; path = BetSlipManager.swift; sourceTree = "<group>"; };
		50C084132F2C5000001A0FE5 /* NumericKeypadView.swift */ = {isa = PBXFileReference; lastKnownFileType = sourcecode.swift; path = NumericKeypadView.swift; sourceTree = "<group>"; };
		8A1234550000 /* Booki.app */ = {isa = PBXFileReference; explicitFileType = wrapper.application; includeInIndex = 0; path = Booki.app; sourceTree = BUILT_PRODUCTS_DIR; };
		8A1234550001 /* BookiApp.swift */ = {isa = PBXFileReference; lastKnownFileType = sourcecode.swift; path = BookiApp.swift; sourceTree = "<group>"; };
		8A1234550002 /* ContentView.swift */ = {isa = PBXFileReference; lastKnownFileType = sourcecode.swift; path = ContentView.swift; sourceTree = "<group>"; };
		8A1234550003 /* Assets.xcassets */ = {isa = PBXFileReference; lastKnownFileType = folder.assetcatalog; path = Assets.xcassets; sourceTree = "<group>"; };
		8A1234550004 /* Preview Assets.xcassets */ = {isa = PBXFileReference; lastKnownFileType = folder.assetcatalog; path = "Preview Assets.xcassets"; sourceTree = "<group>"; };
		8A1234550005 /* Bookie.swift */ = {isa = PBXFileReference; lastKnownFileType = sourcecode.swift; path = Bookie.swift; sourceTree = "<group>"; };
		8A1234550006 /* Player.swift */ = {isa = PBXFileReference; lastKnownFileType = sourcecode.swift; path = Player.swift; sourceTree = "<group>"; };
		8A1234550007 /* Bet.swift */ = {isa = PBXFileReference; lastKnownFileType = sourcecode.swift; path = Bet.swift; sourceTree = "<group>"; };
		8A1234550008 /* LedgerEntry.swift */ = {isa = PBXFileReference; lastKnownFileType = sourcecode.swift; path = LedgerEntry.swift; sourceTree = "<group>"; };
		8A1234550009 /* Event.swift */ = {isa = PBXFileReference; lastKnownFileType = sourcecode.swift; path = Event.swift; sourceTree = "<group>"; };
		8A1234550010 /* Market.swift */ = {isa = PBXFileReference; lastKnownFileType = sourcecode.swift; path = Market.swift; sourceTree = "<group>"; };
		8A1234550011 /* LiabilityService.swift */ = {isa = PBXFileReference; lastKnownFileType = sourcecode.swift; path = LiabilityService.swift; sourceTree = "<group>"; };
		8A1234550012 /* LiabilityServiceTests.swift */ = {isa = PBXFileReference; lastKnownFileType = sourcecode.swift; path = LiabilityServiceTests.swift; sourceTree = "<group>"; };
		8A1234550013 /* BookiTests.xctest */ = {isa = PBXFileReference; explicitFileType = wrapper.cfbundle; includeInIndex = 0; path = BookiTests.xctest; sourceTree = BUILT_PRODUCTS_DIR; };
		8A1234550014 /* ExposureService.swift */ = {isa = PBXFileReference; lastKnownFileType = sourcecode.swift; path = ExposureService.swift; sourceTree = "<group>"; };
		8A1234550015 /* ExposureServiceTests.swift */ = {isa = PBXFileReference; lastKnownFileType = sourcecode.swift; path = ExposureServiceTests.swift; sourceTree = "<group>"; };
		8A1234550016 /* BalanceService.swift */ = {isa = PBXFileReference; lastKnownFileType = sourcecode.swift; path = BalanceService.swift; sourceTree = "<group>"; };
		8A1234550017 /* BalanceServiceTests.swift */ = {isa = PBXFileReference; lastKnownFileType = sourcecode.swift; path = BalanceServiceTests.swift; sourceTree = "<group>"; };
		8A1234550018 /* BetService.swift */ = {isa = PBXFileReference; lastKnownFileType = sourcecode.swift; path = BetService.swift; sourceTree = "<group>"; };
		8A1234550019 /* GradingService.swift */ = {isa = PBXFileReference; lastKnownFileType = sourcecode.swift; path = GradingService.swift; sourceTree = "<group>"; };
		8A1234550020 /* PlayerService.swift */ = {isa = PBXFileReference; lastKnownFileType = sourcecode.swift; path = PlayerService.swift; sourceTree = "<group>"; };
		8A1234550021 /* DashboardView.swift */ = {isa = PBXFileReference; lastKnownFileType = sourcecode.swift; path = DashboardView.swift; sourceTree = "<group>"; };
		8A1234550022 /* BetsListView.swift */ = {isa = PBXFileReference; lastKnownFileType = sourcecode.swift; path = BetsListView.swift; sourceTree = "<group>"; };
		8A1234550023 /* PlayersListView.swift */ = {isa = PBXFileReference; lastKnownFileType = sourcecode.swift; path = PlayersListView.swift; sourceTree = "<group>"; };
		8A1234550024 /* GradingView.swift */ = {isa = PBXFileReference; lastKnownFileType = sourcecode.swift; path = GradingView.swift; sourceTree = "<group>"; };
		8A1234550025 /* SettingsView.swift */ = {isa = PBXFileReference; lastKnownFileType = sourcecode.swift; path = SettingsView.swift; sourceTree = "<group>"; };
		8A1234550026 /* DashboardViewModel.swift */ = {isa = PBXFileReference; lastKnownFileType = sourcecode.swift; path = DashboardViewModel.swift; sourceTree = "<group>"; };
		8A1234550027 /* EventDetailView.swift */ = {isa = PBXFileReference; lastKnownFileType = sourcecode.swift; path = EventDetailView.swift; sourceTree = "<group>"; };
		8A1234550028 /* SubmitBetView.swift */ = {isa = PBXFileReference; lastKnownFileType = sourcecode.swift; path = SubmitBetView.swift; sourceTree = "<group>"; };
		8A1234550029 /* TrackView.swift */ = {isa = PBXFileReference; lastKnownFileType = sourcecode.swift; path = TrackView.swift; sourceTree = "<group>"; };
		8A1234550030 /* EventsListView.swift */ = {isa = PBXFileReference; lastKnownFileType = sourcecode.swift; path = EventsListView.swift; sourceTree = "<group>"; };
		8A1234550031 /* AddEventSheet.swift */ = {isa = PBXFileReference; lastKnownFileType = sourcecode.swift; path = AddEventSheet.swift; sourceTree = "<group>"; };
		8A1234550032 /* AddMarketSheet.swift */ = {isa = PBXFileReference; lastKnownFileType = sourcecode.swift; path = AddMarketSheet.swift; sourceTree = "<group>"; };
		8A1234550033 /* EditMarketSheet.swift */ = {isa = PBXFileReference; lastKnownFileType = sourcecode.swift; path = EditMarketSheet.swift; sourceTree = "<group>"; };
		8A1234550034 /* SeedDataService.swift */ = {isa = PBXFileReference; lastKnownFileType = sourcecode.swift; path = SeedDataService.swift; sourceTree = "<group>"; };
		8A1234550035 /* GamesView.swift */ = {isa = PBXFileReference; lastKnownFileType = sourcecode.swift; path = GamesView.swift; sourceTree = "<group>"; };
		8A1234550036 /* GameCardView.swift */ = {isa = PBXFileReference; lastKnownFileType = sourcecode.swift; path = GameCardView.swift; sourceTree = "<group>"; };
		8A1234550037 /* FavoritesManager.swift */ = {isa = PBXFileReference; lastKnownFileType = sourcecode.swift; path = FavoritesManager.swift; sourceTree = "<group>"; };
		8A1234550038 /* BetSlipManager.swift */ = {isa = PBXFileReference; lastKnownFileType = sourcecode.swift; path = BetSlipManager.swift; sourceTree = "<group>"; };
		8A1234550039 /* BetSlipSheet.swift */ = {isa = PBXFileReference; lastKnownFileType = sourcecode.swift; path = BetSlipSheet.swift; sourceTree = "<group>"; };
		8A1234550040 /* BetConfirmationSheet.swift */ = {isa = PBXFileReference; lastKnownFileType = sourcecode.swift; path = BetConfirmationSheet.swift; sourceTree = "<group>"; };
		8A1234550041 /* AccountView.swift */ = {isa = PBXFileReference; lastKnownFileType = sourcecode.swift; path = AccountView.swift; sourceTree = "<group>"; };
		8A1234550042 /* Theme.swift */ = {isa = PBXFileReference; lastKnownFileType = sourcecode.swift; path = Theme.swift; sourceTree = "<group>"; };
		8A1234550043 /* PlayerLoginView.swift */ = {isa = PBXFileReference; lastKnownFileType = sourcecode.swift; path = PlayerLoginView.swift; sourceTree = "<group>"; };
		8A1234550044 /* GradeEventSheet.swift */ = {isa = PBXFileReference; lastKnownFileType = sourcecode.swift; path = GradeEventSheet.swift; sourceTree = "<group>"; };
		8A1234550045 /* PaymentSheet.swift */ = {isa = PBXFileReference; lastKnownFileType = sourcecode.swift; path = PaymentSheet.swift; sourceTree = "<group>"; };
		8A1234550046 /* WeeklySettlementView.swift */ = {isa = PBXFileReference; lastKnownFileType = sourcecode.swift; path = WeeklySettlementView.swift; sourceTree = "<group>"; };
		8A1234550047 /* AppHeaderView.swift */ = {isa = PBXFileReference; lastKnownFileType = sourcecode.swift; path = AppHeaderView.swift; sourceTree = "<group>"; };
		8A1234550048 /* TicketDetailView.swift */ = {isa = PBXFileReference; lastKnownFileType = sourcecode.swift; path = TicketDetailView.swift; sourceTree = "<group>"; };
		8A1234550049 /* AcceptancePolicy.swift */ = {isa = PBXFileReference; lastKnownFileType = sourcecode.swift; path = AcceptancePolicy.swift; sourceTree = "<group>"; };
		8A1234550050 /* AcceptancePolicyService.swift */ = {isa = PBXFileReference; lastKnownFileType = sourcecode.swift; path = AcceptancePolicyService.swift; sourceTree = "<group>"; };
		8A1234550051 /* AcceptancePolicySettingsView.swift */ = {isa = PBXFileReference; lastKnownFileType = sourcecode.swift; path = AcceptancePolicySettingsView.swift; sourceTree = "<group>"; };
		8A1234550052 /* ParlayGradingService.swift */ = {isa = PBXFileReference; lastKnownFileType = sourcecode.swift; path = ParlayGradingService.swift; sourceTree = "<group>"; };
		8A1234550053 /* SettlementPeriod.swift */ = {isa = PBXFileReference; lastKnownFileType = sourcecode.swift; path = SettlementPeriod.swift; sourceTree = "<group>"; };
		8A1234550054 /* PlayerSettlement.swift */ = {isa = PBXFileReference; lastKnownFileType = sourcecode.swift; path = PlayerSettlement.swift; sourceTree = "<group>"; };
		8A1234550055 /* SettlementService.swift */ = {isa = PBXFileReference; lastKnownFileType = sourcecode.swift; path = SettlementService.swift; sourceTree = "<group>"; };
		8A1234550056 /* SupabaseConfig.swift */ = {isa = PBXFileReference; lastKnownFileType = sourcecode.swift; path = SupabaseConfig.swift; sourceTree = "<group>"; };
		8A1234550057 /* SupabaseClient.swift */ = {isa = PBXFileReference; lastKnownFileType = sourcecode.swift; path = SupabaseClient.swift; sourceTree = "<group>"; };
		8A1234550058 /* Info.plist */ = {isa = PBXFileReference; lastKnownFileType = text.plist.xml; path = Info.plist; sourceTree = "<group>"; };
		8A1234550059 /* AuthManager.swift */ = {isa = PBXFileReference; lastKnownFileType = sourcecode.swift; path = AuthManager.swift; sourceTree = "<group>"; };
		8A1234550060 /* SignUpView.swift */ = {isa = PBXFileReference; lastKnownFileType = sourcecode.swift; path = SignUpView.swift; sourceTree = "<group>"; };
		8A1234550061 /* LoginView.swift */ = {isa = PBXFileReference; lastKnownFileType = sourcecode.swift; path = LoginView.swift; sourceTree = "<group>"; };
		8A1234550062 /* AppleSignInButton.swift */ = {isa = PBXFileReference; lastKnownFileType = sourcecode.swift; path = AppleSignInButton.swift; sourceTree = "<group>"; };
		8A1234550063 /* ForgotPasswordView.swift */ = {isa = PBXFileReference; lastKnownFileType = sourcecode.swift; path = ForgotPasswordView.swift; sourceTree = "<group>"; };
		8A1234550064 /* AuthGateView.swift */ = {isa = PBXFileReference; lastKnownFileType = sourcecode.swift; path = AuthGateView.swift; sourceTree = "<group>"; };
		8A1234550065 /* BookieService.swift */ = {isa = PBXFileReference; lastKnownFileType = sourcecode.swift; path = BookieService.swift; sourceTree = "<group>"; };
		8A1234550066 /* SyncService.swift */ = {isa = PBXFileReference; lastKnownFileType = sourcecode.swift; path = SyncService.swift; sourceTree = "<group>"; };
		8A1234550067 /* RealtimeService.swift */ = {isa = PBXFileReference; lastKnownFileType = sourcecode.swift; path = RealtimeService.swift; sourceTree = "<group>"; };
		8A1234550068 /* NetworkMonitor.swift */ = {isa = PBXFileReference; lastKnownFileType = sourcecode.swift; path = NetworkMonitor.swift; sourceTree = "<group>"; };
		8A1234550069 /* Syncable.swift */ = {isa = PBXFileReference; lastKnownFileType = sourcecode.swift; path = Syncable.swift; sourceTree = "<group>"; };
		8A1234550070 /* SyncModels.swift */ = {isa = PBXFileReference; lastKnownFileType = sourcecode.swift; path = SyncModels.swift; sourceTree = "<group>"; };
		8A1234550071 /* InviteCodeService.swift */ = {isa = PBXFileReference; lastKnownFileType = sourcecode.swift; path = InviteCodeService.swift; sourceTree = "<group>"; };
		8A1234550072 /* PlayerClaimView.swift */ = {isa = PBXFileReference; lastKnownFileType = sourcecode.swift; path = PlayerClaimView.swift; sourceTree = "<group>"; };
		8A1234550073 /* PlayerMainView.swift */ = {isa = PBXFileReference; lastKnownFileType = sourcecode.swift; path = PlayerMainView.swift; sourceTree = "<group>"; };
		8A1234550074 /* PlayerRiskService.swift */ = {isa = PBXFileReference; lastKnownFileType = sourcecode.swift; path = PlayerRiskService.swift; sourceTree = "<group>"; };
		8A1234550075 /* AttentionFeedView.swift */ = {isa = PBXFileReference; lastKnownFileType = sourcecode.swift; path = AttentionFeedView.swift; sourceTree = "<group>"; };
		8A1234550076 /* SettlementSnapshotCard.swift */ = {isa = PBXFileReference; lastKnownFileType = sourcecode.swift; path = SettlementSnapshotCard.swift; sourceTree = "<group>"; };
		8A1234550077 /* PlayerRiskWatchlistCard.swift */ = {isa = PBXFileReference; lastKnownFileType = sourcecode.swift; path = PlayerRiskWatchlistCard.swift; sourceTree = "<group>"; };
		8A1234550078 /* TonightsExposureCard.swift */ = {isa = PBXFileReference; lastKnownFileType = sourcecode.swift; path = TonightsExposureCard.swift; sourceTree = "<group>"; };
		8A1234550079 /* OnboardingManager.swift */ = {isa = PBXFileReference; lastKnownFileType = sourcecode.swift; path = OnboardingManager.swift; sourceTree = "<group>"; };
		8A1234550080 /* OnboardingWelcomeView.swift */ = {isa = PBXFileReference; lastKnownFileType = sourcecode.swift; path = OnboardingWelcomeView.swift; sourceTree = "<group>"; };
		8A1234550081 /* OnboardingConfigureView.swift */ = {isa = PBXFileReference; lastKnownFileType = sourcecode.swift; path = OnboardingConfigureView.swift; sourceTree = "<group>"; };
		8A1234550082 /* OnboardingAddPlayersView.swift */ = {isa = PBXFileReference; lastKnownFileType = sourcecode.swift; path = OnboardingAddPlayersView.swift; sourceTree = "<group>"; };
		8A1234550083 /* OnboardingImportGamesView.swift */ = {isa = PBXFileReference; lastKnownFileType = sourcecode.swift; path = OnboardingImportGamesView.swift; sourceTree = "<group>"; };
		8A1234550084 /* OnboardingSuccessView.swift */ = {isa = PBXFileReference; lastKnownFileType = sourcecode.swift; path = OnboardingSuccessView.swift; sourceTree = "<group>"; };
		8A1234550085 /* OnboardingContainerView.swift */ = {isa = PBXFileReference; lastKnownFileType = sourcecode.swift; path = OnboardingContainerView.swift; sourceTree = "<group>"; };
		8A1234550086 /* FinishSetupCard.swift */ = {isa = PBXFileReference; lastKnownFileType = sourcecode.swift; path = FinishSetupCard.swift; sourceTree = "<group>"; };
		8A1234550087 /* AnalyticsDashboardView.swift */ = {isa = PBXFileReference; lastKnownFileType = sourcecode.swift; path = AnalyticsDashboardView.swift; sourceTree = "<group>"; };
		8A1234550088 /* PlayerAnalyticsDetailView.swift */ = {isa = PBXFileReference; lastKnownFileType = sourcecode.swift; path = PlayerAnalyticsDetailView.swift; sourceTree = "<group>"; };
		8A1234550089 /* PlayerAttentionService.swift */ = {isa = PBXFileReference; lastKnownFileType = sourcecode.swift; path = PlayerAttentionService.swift; sourceTree = "<group>"; };
/* End PBXFileReference section */

/* Begin PBXFrameworksBuildPhase section */
		8A1234540001 /* Frameworks */ = {
			isa = PBXFrameworksBuildPhase;
			buildActionMask = 2147483647;
			files = (
				8A1234560058 /* Supabase in Frameworks */,
			);
			runOnlyForDeploymentPostprocessing = 0;
		};
		8A1234540004 /* Frameworks */ = {
			isa = PBXFrameworksBuildPhase;
			buildActionMask = 2147483647;
			files = (
			);
			runOnlyForDeploymentPostprocessing = 0;
		};
/* End PBXFrameworksBuildPhase section */

/* Begin PBXGroup section */
		8A1234530000 = {
			isa = PBXGroup;
			children = (
				8A1234530001 /* Booki */,
				8A1234530008 /* BookiTests */,
				8A1234530002 /* Products */,
			);
			sourceTree = "<group>";
		};
		8A1234530001 /* Booki */ = {
			isa = PBXGroup;
			children = (
				8A1234550001 /* BookiApp.swift */,
				8A1234550002 /* ContentView.swift */,
				8A1234550042 /* Theme.swift */,
				8A1234550058 /* Info.plist */,
				8A1234530009 /* Config */,
				8A1234530003 /* Models */,
				8A1234530004 /* Views */,
				8A1234530005 /* ViewModels */,
				8A1234530006 /* Services */,
				50F000032F33000000000000 /* Fonts */,
				8A1234550003 /* Assets.xcassets */,
				8A1234530007 /* Preview Content */,
			);
			path = Booki;
			sourceTree = "<group>";
		};
		8A1234530002 /* Products */ = {
			isa = PBXGroup;
			children = (
				8A1234550000 /* Booki.app */,
				8A1234550013 /* BookiTests.xctest */,
			);
			name = Products;
			sourceTree = "<group>";
		};
		8A1234530003 /* Models */ = {
			isa = PBXGroup;
			children = (
				50C083FE2F2BF471001A0FE5 /* AuditEvent.swift */,
				50C083FF2F2BF471001A0FE5 /* UserAgreement.swift */,
				50C083F62F2616D4001A0FE5 /* OddsAPIModels.swift */,
				8A1234550005 /* Bookie.swift */,
				8A1234550006 /* Player.swift */,
				8A1234550007 /* Bet.swift */,
				8A1234550008 /* LedgerEntry.swift */,
				8A1234550009 /* Event.swift */,
				8A1234550010 /* Market.swift */,
				8A1234550049 /* AcceptancePolicy.swift */,
				8A1234550053 /* SettlementPeriod.swift */,
				8A1234550054 /* PlayerSettlement.swift */,
				8A1234550069 /* Syncable.swift */,
			);
			path = Models;
			sourceTree = "<group>";
		};
		8A1234530004 /* Views */ = {
			isa = PBXGroup;
			children = (
				50C0840E2F2C0347001A0FE5 /* SyncGamesView.swift */,
				50C084082F2BF4B0001A0FE5 /* BetHistoryView.swift */,
				50C084092F2BF4B0001A0FE5 /* TermsOfService.swift */,
				50C0840A2F2BF4B0001A0FE5 /* UserAgreementView.swift */,
				50C083F82F26174D001A0FE5 /* FetchScoresView.swift */,
				50C083F92F26174D001A0FE5 /* ImportEventsView.swift */,
				50C083FA2F26174D001A0FE5 /* RefreshOddsView.swift */,
				50C083EC2F25F8B0001A0FE5 /* CompactGameRow.swift */,
				50C083ED2F25F8B0001A0FE5 /* CompactOddsButton.swift */,
				50C083EE2F25F8B0001A0FE5 /* GameDetailView.swift */,
				8A1234530010 /* Auth */,
				8A1234550064 /* AuthGateView.swift */,
				8A1234550021 /* DashboardView.swift */,
				8A1234550022 /* BetsListView.swift */,
				8A1234550023 /* PlayersListView.swift */,
				8A1234550024 /* GradingView.swift */,
				8A1234550025 /* SettingsView.swift */,
				8A1234550027 /* EventDetailView.swift */,
				8A1234550028 /* SubmitBetView.swift */,
				8A1234550029 /* TrackView.swift */,
				8A1234550030 /* EventsListView.swift */,
				8A1234550031 /* AddEventSheet.swift */,
				8A1234550032 /* AddMarketSheet.swift */,
				8A1234550033 /* EditMarketSheet.swift */,
				8A1234550035 /* GamesView.swift */,
				8A1234550036 /* GameCardView.swift */,
				8A1234550039 /* BetSlipSheet.swift */,
				8A1234550040 /* BetConfirmationSheet.swift */,
				8A1234550041 /* AccountView.swift */,
				8A1234550043 /* PlayerLoginView.swift */,
				8A1234550044 /* GradeEventSheet.swift */,
				8A1234550045 /* PaymentSheet.swift */,
				8A1234550046 /* WeeklySettlementView.swift */,
				8A1234550047 /* AppHeaderView.swift */,
				8A1234550048 /* TicketDetailView.swift */,
				8A1234550051 /* AcceptancePolicySettingsView.swift */,
				8A1234550072 /* PlayerClaimView.swift */,
				8A1234550073 /* PlayerMainView.swift */,
				50C084132F2C5000001A0FE5 /* NumericKeypadView.swift */,
				8A1234550075 /* AttentionFeedView.swift */,
				8A1234550076 /* SettlementSnapshotCard.swift */,
				8A1234550077 /* PlayerRiskWatchlistCard.swift */,
				8A1234550078 /* TonightsExposureCard.swift */,
				8A1234550086 /* FinishSetupCard.swift */,
				8A1234550087 /* AnalyticsDashboardView.swift */,
				8A1234550088 /* PlayerAnalyticsDetailView.swift */,
				8A1234530011 /* Onboarding */,
			);
			path = Views;
			sourceTree = "<group>";
		};
		8A1234530005 /* ViewModels */ = {
			isa = PBXGroup;
			children = (
				8A1234550026 /* DashboardViewModel.swift */,
			);
			path = ViewModels;
			sourceTree = "<group>";
		};
		8A1234530006 /* Services */ = {
			isa = PBXGroup;
			children = (
				50C084102F2C4DA3001A0FE5 /* BetSlipManager.swift */,
				50C083F22F2616C6001A0FE5 /* OddsAPIMapper.swift */,
				50C083F32F2616C6001A0FE5 /* OddsAPIService.swift */,
				8A1234550011 /* LiabilityService.swift */,
				8A1234550014 /* ExposureService.swift */,
				8A1234550016 /* BalanceService.swift */,
				8A1234550018 /* BetService.swift */,
				8A1234550019 /* GradingService.swift */,
				8A1234550020 /* PlayerService.swift */,
				8A1234550034 /* SeedDataService.swift */,
				8A1234550037 /* FavoritesManager.swift */,
				8A1234550038 /* BetSlipManager.swift */,
				8A1234550050 /* AcceptancePolicyService.swift */,
				8A1234550052 /* ParlayGradingService.swift */,
				8A1234550055 /* SettlementService.swift */,
				8A1234550057 /* SupabaseClient.swift */,
				8A1234550059 /* AuthManager.swift */,
				50C084022F2BF49A001A0FE5 /* AgreementService.swift */,
				50C084032F2BF49A001A0FE5 /* AuditService.swift */,
				50C084042F2BF49A001A0FE5 /* EdgeFunctionService.swift */,
				8A1234550065 /* BookieService.swift */,
				8A1234550066 /* SyncService.swift */,
				8A1234550067 /* RealtimeService.swift */,
				8A1234550068 /* NetworkMonitor.swift */,
				8A1234550070 /* SyncModels.swift */,
				8A1234550071 /* InviteCodeService.swift */,
				8A1234550074 /* PlayerRiskService.swift */,
				8A1234550079 /* OnboardingManager.swift */,
				8A1234550089 /* PlayerAttentionService.swift */,
			);
			path = Services;
			sourceTree = "<group>";
		};
		8A1234530007 /* Preview Content */ = {
			isa = PBXGroup;
			children = (
				8A1234550004 /* Preview Assets.xcassets */,
			);
			path = "Preview Content";
			sourceTree = "<group>";
		};
		8A1234530008 /* BookiTests */ = {
			isa = PBXGroup;
			children = (
				8A1234550012 /* LiabilityServiceTests.swift */,
				8A1234550015 /* ExposureServiceTests.swift */,
				8A1234550017 /* BalanceServiceTests.swift */,
			);
			path = BookiTests;
			sourceTree = "<group>";
		};
		8A1234530009 /* Config */ = {
			isa = PBXGroup;
			children = (
				8A1234550056 /* SupabaseConfig.swift */,
			);
			path = Config;
			sourceTree = "<group>";
		};
		50F000032F33000000000000 /* Fonts */ = {
			isa = PBXGroup;
			children = (
				50F000002F33000000000001 /* SpaceGrotesk-Regular.ttf */,
				50F000002F33000000000002 /* SpaceGrotesk-Medium.ttf */,
				50F000002F33000000000003 /* SpaceGrotesk-Bold.ttf */,
				50F000002F33000000000004 /* IBMPlexSans-Regular.ttf */,
				50F000002F33000000000005 /* IBMPlexSans-Medium.ttf */,
				50F000002F33000000000006 /* IBMPlexSans-Bold.ttf */,
			);
			path = Fonts;
			sourceTree = "<group>";
		};
		8A1234530010 /* Auth */ = {
			isa = PBXGroup;
			children = (
				8A1234550060 /* SignUpView.swift */,
				8A1234550061 /* LoginView.swift */,
				8A1234550062 /* AppleSignInButton.swift */,
				8A1234550063 /* ForgotPasswordView.swift */,
			);
			path = Auth;
			sourceTree = "<group>";
		};
		8A1234530011 /* Onboarding */ = {
			isa = PBXGroup;
			children = (
				8A1234550080 /* OnboardingWelcomeView.swift */,
				8A1234550081 /* OnboardingConfigureView.swift */,
				8A1234550082 /* OnboardingAddPlayersView.swift */,
				8A1234550083 /* OnboardingImportGamesView.swift */,
				8A1234550084 /* OnboardingSuccessView.swift */,
				8A1234550085 /* OnboardingContainerView.swift */,
			);
			path = Onboarding;
			sourceTree = "<group>";
		};
/* End PBXGroup section */

/* Begin PBXNativeTarget section */
		8A1234520001 /* Booki */ = {
			isa = PBXNativeTarget;
			buildConfigurationList = 8A1234510001 /* Build configuration list for PBXNativeTarget "Booki" */;
			buildPhases = (
				8A1234540000 /* Sources */,
				8A1234540001 /* Frameworks */,
				8A1234540002 /* Resources */,
			);
			buildRules = (
			);
			dependencies = (
			);
			name = Booki;
			packageProductDependencies = (
				8A1234590001 /* Supabase */,
			);
			productName = Booki;
			productReference = 8A1234550000 /* Booki.app */;
			productType = "com.apple.product-type.application";
		};
		8A1234520002 /* BookiTests */ = {
			isa = PBXNativeTarget;
			buildConfigurationList = 8A1234510002 /* Build configuration list for PBXNativeTarget "BookiTests" */;
			buildPhases = (
				8A1234540003 /* Sources */,
				8A1234540004 /* Frameworks */,
			);
			buildRules = (
			);
			dependencies = (
				8A1234580001 /* PBXTargetDependency */,
			);
			name = BookiTests;
			productName = BookiTests;
			productReference = 8A1234550013 /* BookiTests.xctest */;
			productType = "com.apple.product-type.bundle.unit-test";
		};
/* End PBXNativeTarget section */

/* Begin PBXProject section */
		8A1234520000 /* Project object */ = {
			isa = PBXProject;
			attributes = {
				BuildIndependentTargetsInParallel = 1;
				LastSwiftUpdateCheck = 1500;
				LastUpgradeCheck = 1500;
				TargetAttributes = {
					8A1234520001 = {
						CreatedOnToolsVersion = 15.0;
					};
				};
			};
			buildConfigurationList = 8A1234510000 /* Build configuration list for PBXProject "Booki" */;
			compatibilityVersion = "Xcode 14.0";
			developmentRegion = en;
			hasScannedForEncodings = 0;
			knownRegions = (
				en,
				Base,
			);
			mainGroup = 8A1234530000;
			packageReferences = (
				8A1234600001 /* XCRemoteSwiftPackageReference "supabase-swift" */,
			);
			productRefGroup = 8A1234530002 /* Products */;
			projectDirPath = "";
			projectRoot = "";
			targets = (
				8A1234520001 /* Booki */,
				8A1234520002 /* BookiTests */,
			);
		};
/* End PBXProject section */

/* Begin PBXResourcesBuildPhase section */
		8A1234540002 /* Resources */ = {
			isa = PBXResourcesBuildPhase;
			buildActionMask = 2147483647;
			files = (
				8A1234560004 /* Preview Assets.xcassets in Resources */,
				8A1234560003 /* Assets.xcassets in Resources */,
				50F000012F33000000000001 /* SpaceGrotesk-Regular.ttf in Resources */,
				50F000012F33000000000002 /* SpaceGrotesk-Medium.ttf in Resources */,
				50F000012F33000000000003 /* SpaceGrotesk-Bold.ttf in Resources */,
				50F000012F33000000000004 /* IBMPlexSans-Regular.ttf in Resources */,
				50F000012F33000000000005 /* IBMPlexSans-Medium.ttf in Resources */,
				50F000012F33000000000006 /* IBMPlexSans-Bold.ttf in Resources */,
			);
			runOnlyForDeploymentPostprocessing = 0;
		};
/* End PBXResourcesBuildPhase section */

/* Begin PBXSourcesBuildPhase section */
		8A1234540000 /* Sources */ = {
			isa = PBXSourcesBuildPhase;
			buildActionMask = 2147483647;
			files = (
				8A1234560002 /* ContentView.swift in Sources */,
				8A1234560001 /* BookiApp.swift in Sources */,
				8A1234560005 /* Bookie.swift in Sources */,
				50C084112F2C4DA3001A0FE5 /* BetSlipManager.swift in Sources */,
				8A1234560006 /* Player.swift in Sources */,
				8A1234560007 /* Bet.swift in Sources */,
				8A1234560008 /* LedgerEntry.swift in Sources */,
				8A1234560009 /* Event.swift in Sources */,
				8A1234560010 /* Market.swift in Sources */,
				8A1234560011 /* LiabilityService.swift in Sources */,
				8A1234560013 /* ExposureService.swift in Sources */,
				8A1234560015 /* BalanceService.swift in Sources */,
				8A1234560017 /* BetService.swift in Sources */,
				8A1234560018 /* GradingService.swift in Sources */,
				8A1234560019 /* PlayerService.swift in Sources */,
				8A1234560020 /* DashboardView.swift in Sources */,
				8A1234560021 /* BetsListView.swift in Sources */,
				8A1234560022 /* PlayersListView.swift in Sources */,
				8A1234560023 /* GradingView.swift in Sources */,
				8A1234560024 /* SettingsView.swift in Sources */,
				8A1234560025 /* DashboardViewModel.swift in Sources */,
				8A1234560026 /* EventDetailView.swift in Sources */,
				8A1234560027 /* SubmitBetView.swift in Sources */,
				8A1234560028 /* TrackView.swift in Sources */,
				8A1234560029 /* EventsListView.swift in Sources */,
				8A1234560030 /* AddEventSheet.swift in Sources */,
				8A1234560031 /* AddMarketSheet.swift in Sources */,
				8A1234560032 /* EditMarketSheet.swift in Sources */,
				8A1234560033 /* SeedDataService.swift in Sources */,
				8A1234560034 /* GamesView.swift in Sources */,
				8A1234560035 /* GameCardView.swift in Sources */,
				8A1234560036 /* FavoritesManager.swift in Sources */,
				8A1234560037 /* BetSlipManager.swift in Sources */,
				50C0840B2F2BF4B0001A0FE5 /* UserAgreementView.swift in Sources */,
				50C0840C2F2BF4B0001A0FE5 /* BetHistoryView.swift in Sources */,
				50C0840D2F2BF4B0001A0FE5 /* TermsOfService.swift in Sources */,
				8A1234560038 /* BetSlipSheet.swift in Sources */,
				50C083FB2F26174D001A0FE5 /* FetchScoresView.swift in Sources */,
				50C083FC2F26174D001A0FE5 /* RefreshOddsView.swift in Sources */,
				50C083FD2F26174D001A0FE5 /* ImportEventsView.swift in Sources */,
				8A1234560039 /* BetConfirmationSheet.swift in Sources */,
				8A1234560040 /* AccountView.swift in Sources */,
				8A1234560041 /* Theme.swift in Sources */,
				8A1234560042 /* PlayerLoginView.swift in Sources */,
				8A1234560043 /* GradeEventSheet.swift in Sources */,
				50C084002F2BF471001A0FE5 /* UserAgreement.swift in Sources */,
				50C084012F2BF471001A0FE5 /* AuditEvent.swift in Sources */,
				8A1234560044 /* PaymentSheet.swift in Sources */,
				8A1234560045 /* WeeklySettlementView.swift in Sources */,
				8A1234560046 /* AppHeaderView.swift in Sources */,
				8A1234560047 /* TicketDetailView.swift in Sources */,
				8A1234560048 /* AcceptancePolicy.swift in Sources */,
				8A1234560049 /* AcceptancePolicyService.swift in Sources */,
				8A1234560050 /* AcceptancePolicySettingsView.swift in Sources */,
				8A1234560051 /* ParlayGradingService.swift in Sources */,
				8A1234560053 /* SettlementPeriod.swift in Sources */,
				50C083F42F2616C6001A0FE5 /* OddsAPIMapper.swift in Sources */,
				50C083F52F2616C6001A0FE5 /* OddsAPIService.swift in Sources */,
				8A1234560054 /* PlayerSettlement.swift in Sources */,
				8A1234560055 /* SettlementService.swift in Sources */,
				8A1234560056 /* SupabaseConfig.swift in Sources */,
				8A1234560057 /* SupabaseClient.swift in Sources */,
				8A1234560059 /* AuthManager.swift in Sources */,
				8A1234560060 /* SignUpView.swift in Sources */,
				50C0840F2F2C0347001A0FE5 /* SyncGamesView.swift in Sources */,
				8A1234560061 /* LoginView.swift in Sources */,
				8A1234560062 /* AppleSignInButton.swift in Sources */,
				8A1234560063 /* ForgotPasswordView.swift in Sources */,
				8A1234560064 /* AuthGateView.swift in Sources */,
				8A1234560065 /* BookieService.swift in Sources */,
				50C083EF2F25F8B0001A0FE5 /* CompactOddsButton.swift in Sources */,
				50C083F02F25F8B0001A0FE5 /* CompactGameRow.swift in Sources */,
				50C083F72F2616D4001A0FE5 /* OddsAPIModels.swift in Sources */,
				50C083F12F25F8B0001A0FE5 /* GameDetailView.swift in Sources */,
				8A1234560066 /* SyncService.swift in Sources */,
				8A1234560067 /* RealtimeService.swift in Sources */,
				8A1234560068 /* NetworkMonitor.swift in Sources */,
				8A1234560069 /* Syncable.swift in Sources */,
				50C084052F2BF49A001A0FE5 /* AgreementService.swift in Sources */,
				50C084062F2BF49A001A0FE5 /* AuditService.swift in Sources */,
				50C084072F2BF49A001A0FE5 /* EdgeFunctionService.swift in Sources */,
				8A1234560070 /* SyncModels.swift in Sources */,
				8A1234560071 /* InviteCodeService.swift in Sources */,
				8A1234560072 /* PlayerClaimView.swift in Sources */,
				8A1234560073 /* PlayerMainView.swift in Sources */,
				50C084142F2C5000001A0FE5 /* NumericKeypadView.swift in Sources */,
				8A1234560074 /* PlayerRiskService.swift in Sources */,
				8A1234560075 /* AttentionFeedView.swift in Sources */,
				8A1234560076 /* SettlementSnapshotCard.swift in Sources */,
				8A1234560077 /* PlayerRiskWatchlistCard.swift in Sources */,
				8A1234560078 /* TonightsExposureCard.swift in Sources */,
				8A1234560079 /* OnboardingManager.swift in Sources */,
				8A1234560080 /* OnboardingWelcomeView.swift in Sources */,
				8A1234560081 /* OnboardingConfigureView.swift in Sources */,
				8A1234560082 /* OnboardingAddPlayersView.swift in Sources */,
				8A1234560083 /* OnboardingImportGamesView.swift in Sources */,
				8A1234560084 /* OnboardingSuccessView.swift in Sources */,
				8A1234560085 /* OnboardingContainerView.swift in Sources */,
				8A1234560086 /* FinishSetupCard.swift in Sources */,
				8A1234560087 /* AnalyticsDashboardView.swift in Sources */,
				8A1234560088 /* PlayerAnalyticsDetailView.swift in Sources */,
				8A1234560089 /* PlayerAttentionService.swift in Sources */,
			);
			runOnlyForDeploymentPostprocessing = 0;
		};
		8A1234540003 /* Sources */ = {
			isa = PBXSourcesBuildPhase;
			buildActionMask = 2147483647;
			files = (
				8A1234560012 /* LiabilityServiceTests.swift in Sources */,
				8A1234560014 /* ExposureServiceTests.swift in Sources */,
				8A1234560016 /* BalanceServiceTests.swift in Sources */,
			);
			runOnlyForDeploymentPostprocessing = 0;
		};
/* End PBXSourcesBuildPhase section */

/* Begin PBXTargetDependency section */
		8A1234580001 /* PBXTargetDependency */ = {
			isa = PBXTargetDependency;
			target = 8A1234520001 /* Booki */;
			targetProxy = 8A1234570001 /* PBXContainerItemProxy */;
		};
/* End PBXTargetDependency section */

/* Begin XCBuildConfiguration section */
		8A1234500000 /* Debug */ = {
			isa = XCBuildConfiguration;
			buildSettings = {
				ALWAYS_SEARCH_USER_PATHS = NO;
				ASSETCATALOG_COMPILER_GENERATE_SWIFT_ASSET_SYMBOL_EXTENSIONS = YES;
				CLANG_ANALYZER_NONNULL = YES;
				CLANG_ANALYZER_NUMBER_OBJECT_CONVERSION = YES_AGGRESSIVE;
				CLANG_CXX_LANGUAGE_STANDARD = "gnu++20";
				CLANG_ENABLE_MODULES = YES;
				CLANG_ENABLE_OBJC_ARC = YES;
				CLANG_ENABLE_OBJC_WEAK = YES;
				CLANG_WARN_BLOCK_CAPTURE_AUTORELEASING = YES;
				CLANG_WARN_BOOL_CONVERSION = YES;
				CLANG_WARN_COMMA = YES;
				CLANG_WARN_CONSTANT_CONVERSION = YES;
				CLANG_WARN_DEPRECATED_OBJC_IMPLEMENTATIONS = YES;
				CLANG_WARN_DIRECT_OBJC_ISA_USAGE = YES_ERROR;
				CLANG_WARN_DOCUMENTATION_COMMENTS = YES;
				CLANG_WARN_EMPTY_BODY = YES;
				CLANG_WARN_ENUM_CONVERSION = YES;
				CLANG_WARN_INFINITE_RECURSION = YES;
				CLANG_WARN_INT_CONVERSION = YES;
				CLANG_WARN_NON_LITERAL_NULL_CONVERSION = YES;
				CLANG_WARN_OBJC_IMPLICIT_RETAIN_SELF = YES;
				CLANG_WARN_OBJC_LITERAL_CONVERSION = YES;
				CLANG_WARN_OBJC_ROOT_CLASS = YES_ERROR;
				CLANG_WARN_QUOTED_INCLUDE_IN_FRAMEWORK_HEADER = YES;
				CLANG_WARN_RANGE_LOOP_ANALYSIS = YES;
				CLANG_WARN_STRICT_PROTOTYPES = YES;
				CLANG_WARN_SUSPICIOUS_MOVE = YES;
				CLANG_WARN_UNGUARDED_AVAILABILITY = YES_AGGRESSIVE;
				CLANG_WARN_UNREACHABLE_CODE = YES;
				CLANG_WARN__DUPLICATE_METHOD_MATCH = YES;
				COPY_PHASE_STRIP = NO;
				DEBUG_INFORMATION_FORMAT = dwarf;
				ENABLE_STRICT_OBJC_MSGSEND = YES;
				ENABLE_TESTABILITY = YES;
				ENABLE_USER_SCRIPT_SANDBOXING = YES;
				GCC_C_LANGUAGE_STANDARD = gnu17;
				GCC_DYNAMIC_NO_PIC = NO;
				GCC_NO_COMMON_BLOCKS = YES;
				GCC_OPTIMIZATION_LEVEL = 0;
				GCC_PREPROCESSOR_DEFINITIONS = (
					"DEBUG=1",
					"$(inherited)",
				);
				GCC_WARN_64_TO_32_BIT_CONVERSION = YES;
				GCC_WARN_ABOUT_RETURN_TYPE = YES_ERROR;
				GCC_WARN_UNDECLARED_SELECTOR = YES;
				GCC_WARN_UNINITIALIZED_AUTOS = YES_AGGRESSIVE;
				GCC_WARN_UNUSED_FUNCTION = YES;
				GCC_WARN_UNUSED_VARIABLE = YES;
				IPHONEOS_DEPLOYMENT_TARGET = 17.0;
				LOCALIZATION_PREFERS_STRING_CATALOGS = YES;
				MTL_ENABLE_DEBUG_INFO = INCLUDE_SOURCE;
				MTL_FAST_MATH = YES;
				ONLY_ACTIVE_ARCH = YES;
				SDKROOT = iphoneos;
				SWIFT_ACTIVE_COMPILATION_CONDITIONS = "DEBUG $(inherited)";
				SWIFT_OPTIMIZATION_LEVEL = "-Onone";
			};
			name = Debug;
		};
		8A1234500001 /* Release */ = {
			isa = XCBuildConfiguration;
			buildSettings = {
				ALWAYS_SEARCH_USER_PATHS = NO;
				ASSETCATALOG_COMPILER_GENERATE_SWIFT_ASSET_SYMBOL_EXTENSIONS = YES;
				CLANG_ANALYZER_NONNULL = YES;
				CLANG_ANALYZER_NUMBER_OBJECT_CONVERSION = YES_AGGRESSIVE;
				CLANG_CXX_LANGUAGE_STANDARD = "gnu++20";
				CLANG_ENABLE_MODULES = YES;
				CLANG_ENABLE_OBJC_ARC = YES;
				CLANG_ENABLE_OBJC_WEAK = YES;
				CLANG_WARN_BLOCK_CAPTURE_AUTORELEASING = YES;
				CLANG_WARN_BOOL_CONVERSION = YES;
				CLANG_WARN_COMMA = YES;
				CLANG_WARN_CONSTANT_CONVERSION = YES;
				CLANG_WARN_DEPRECATED_OBJC_IMPLEMENTATIONS = YES;
				CLANG_WARN_DIRECT_OBJC_ISA_USAGE = YES_ERROR;
				CLANG_WARN_DOCUMENTATION_COMMENTS = YES;
				CLANG_WARN_EMPTY_BODY = YES;
				CLANG_WARN_ENUM_CONVERSION = YES;
				CLANG_WARN_INFINITE_RECURSION = YES;
				CLANG_WARN_INT_CONVERSION = YES;
				CLANG_WARN_NON_LITERAL_NULL_CONVERSION = YES;
				CLANG_WARN_OBJC_IMPLICIT_RETAIN_SELF = YES;
				CLANG_WARN_OBJC_LITERAL_CONVERSION = YES;
				CLANG_WARN_OBJC_ROOT_CLASS = YES_ERROR;
				CLANG_WARN_QUOTED_INCLUDE_IN_FRAMEWORK_HEADER = YES;
				CLANG_WARN_RANGE_LOOP_ANALYSIS = YES;
				CLANG_WARN_STRICT_PROTOTYPES = YES;
				CLANG_WARN_SUSPICIOUS_MOVE = YES;
				CLANG_WARN_UNGUARDED_AVAILABILITY = YES_AGGRESSIVE;
				CLANG_WARN_UNREACHABLE_CODE = YES;
				CLANG_WARN__DUPLICATE_METHOD_MATCH = YES;
				COPY_PHASE_STRIP = NO;
				DEBUG_INFORMATION_FORMAT = "dwarf-with-dsym";
				ENABLE_NS_ASSERTIONS = NO;
				ENABLE_STRICT_OBJC_MSGSEND = YES;
				ENABLE_USER_SCRIPT_SANDBOXING = YES;
				GCC_C_LANGUAGE_STANDARD = gnu17;
				GCC_NO_COMMON_BLOCKS = YES;
				GCC_WARN_64_TO_32_BIT_CONVERSION = YES;
				GCC_WARN_ABOUT_RETURN_TYPE = YES_ERROR;
				GCC_WARN_UNDECLARED_SELECTOR = YES;
				GCC_WARN_UNINITIALIZED_AUTOS = YES_AGGRESSIVE;
				GCC_WARN_UNUSED_FUNCTION = YES;
				GCC_WARN_UNUSED_VARIABLE = YES;
				IPHONEOS_DEPLOYMENT_TARGET = 17.0;
				LOCALIZATION_PREFERS_STRING_CATALOGS = YES;
				MTL_ENABLE_DEBUG_INFO = NO;
				MTL_FAST_MATH = YES;
				SDKROOT = iphoneos;
				SWIFT_COMPILATION_MODE = wholemodule;
				VALIDATE_PRODUCT = YES;
			};
			name = Release;
		};
		8A1234500002 /* Debug */ = {
			isa = XCBuildConfiguration;
			buildSettings = {
				ASSETCATALOG_COMPILER_APPICON_NAME = AppIcon;
				ASSETCATALOG_COMPILER_GLOBAL_ACCENT_COLOR_NAME = AccentColor;
				CODE_SIGN_STYLE = Automatic;
				CURRENT_PROJECT_VERSION = 1;
				DEVELOPMENT_ASSET_PATHS = "\"Booki/Preview Content\"";
				ENABLE_PREVIEWS = YES;
				GENERATE_INFOPLIST_FILE = YES;
				INFOPLIST_FILE = Booki/Info.plist;
				INFOPLIST_KEY_UIApplicationSceneManifest_Generation = YES;
				INFOPLIST_KEY_UIApplicationSupportsIndirectInputEvents = YES;
				INFOPLIST_KEY_UILaunchScreen_Generation = YES;
				INFOPLIST_KEY_UISupportedInterfaceOrientations_iPad = "UIInterfaceOrientationPortrait UIInterfaceOrientationPortraitUpsideDown UIInterfaceOrientationLandscapeLeft UIInterfaceOrientationLandscapeRight";
				INFOPLIST_KEY_UISupportedInterfaceOrientations_iPhone = "UIInterfaceOrientationPortrait UIInterfaceOrientationLandscapeLeft UIInterfaceOrientationLandscapeRight";
				LD_RUNPATH_SEARCH_PATHS = (
					"$(inherited)",
					"@executable_path/Frameworks",
				);
				MARKETING_VERSION = 1.0;
				PRODUCT_BUNDLE_IDENTIFIER = com.booki.app;
				PRODUCT_NAME = "$(TARGET_NAME)";
				SWIFT_EMIT_LOC_STRINGS = YES;
				SWIFT_VERSION = 5.0;
				TARGETED_DEVICE_FAMILY = "1,2";
			};
			name = Debug;
		};
		8A1234500003 /* Release */ = {
			isa = XCBuildConfiguration;
			buildSettings = {
				ASSETCATALOG_COMPILER_APPICON_NAME = AppIcon;
				ASSETCATALOG_COMPILER_GLOBAL_ACCENT_COLOR_NAME = AccentColor;
				CODE_SIGN_STYLE = Automatic;
				CURRENT_PROJECT_VERSION = 1;
				DEVELOPMENT_ASSET_PATHS = "\"Booki/Preview Content\"";
				ENABLE_PREVIEWS = YES;
				GENERATE_INFOPLIST_FILE = YES;
				INFOPLIST_FILE = Booki/Info.plist;
				INFOPLIST_KEY_UIApplicationSceneManifest_Generation = YES;
				INFOPLIST_KEY_UIApplicationSupportsIndirectInputEvents = YES;
				INFOPLIST_KEY_UILaunchScreen_Generation = YES;
				INFOPLIST_KEY_UISupportedInterfaceOrientations_iPad = "UIInterfaceOrientationPortrait UIInterfaceOrientationPortraitUpsideDown UIInterfaceOrientationLandscapeLeft UIInterfaceOrientationLandscapeRight";
				INFOPLIST_KEY_UISupportedInterfaceOrientations_iPhone = "UIInterfaceOrientationPortrait UIInterfaceOrientationLandscapeLeft UIInterfaceOrientationLandscapeRight";
				LD_RUNPATH_SEARCH_PATHS = (
					"$(inherited)",
					"@executable_path/Frameworks",
				);
				MARKETING_VERSION = 1.0;
				PRODUCT_BUNDLE_IDENTIFIER = com.booki.app;
				PRODUCT_NAME = "$(TARGET_NAME)";
				SWIFT_EMIT_LOC_STRINGS = YES;
				SWIFT_VERSION = 5.0;
				TARGETED_DEVICE_FAMILY = "1,2";
			};
			name = Release;
		};
		8A1234500004 /* Debug */ = {
			isa = XCBuildConfiguration;
			buildSettings = {
				BUNDLE_LOADER = "$(TEST_HOST)";
				CODE_SIGN_STYLE = Automatic;
				CURRENT_PROJECT_VERSION = 1;
				GENERATE_INFOPLIST_FILE = YES;
				IPHONEOS_DEPLOYMENT_TARGET = 17.0;
				MARKETING_VERSION = 1.0;
				PRODUCT_BUNDLE_IDENTIFIER = com.booki.BookiTests;
				PRODUCT_NAME = "$(TARGET_NAME)";
				SWIFT_EMIT_LOC_STRINGS = NO;
				SWIFT_VERSION = 5.0;
				TARGETED_DEVICE_FAMILY = "1,2";
				TEST_HOST = "$(BUILT_PRODUCTS_DIR)/Booki.app/$(BUNDLE_EXECUTABLE_FOLDER_PATH)/Booki";
			};
			name = Debug;
		};
		8A1234500005 /* Release */ = {
			isa = XCBuildConfiguration;
			buildSettings = {
				BUNDLE_LOADER = "$(TEST_HOST)";
				CODE_SIGN_STYLE = Automatic;
				CURRENT_PROJECT_VERSION = 1;
				GENERATE_INFOPLIST_FILE = YES;
				IPHONEOS_DEPLOYMENT_TARGET = 17.0;
				MARKETING_VERSION = 1.0;
				PRODUCT_BUNDLE_IDENTIFIER = com.booki.BookiTests;
				PRODUCT_NAME = "$(TARGET_NAME)";
				SWIFT_EMIT_LOC_STRINGS = NO;
				SWIFT_VERSION = 5.0;
				TARGETED_DEVICE_FAMILY = "1,2";
				TEST_HOST = "$(BUILT_PRODUCTS_DIR)/Booki.app/$(BUNDLE_EXECUTABLE_FOLDER_PATH)/Booki";
			};
			name = Release;
		};
/* End XCBuildConfiguration section */

/* Begin XCConfigurationList section */
		8A1234510000 /* Build configuration list for PBXProject "Booki" */ = {
			isa = XCConfigurationList;
			buildConfigurations = (
				8A1234500000 /* Debug */,
				8A1234500001 /* Release */,
			);
			defaultConfigurationIsVisible = 0;
			defaultConfigurationName = Release;
		};
		8A1234510001 /* Build configuration list for PBXNativeTarget "Booki" */ = {
			isa = XCConfigurationList;
			buildConfigurations = (
				8A1234500002 /* Debug */,
				8A1234500003 /* Release */,
			);
			defaultConfigurationIsVisible = 0;
			defaultConfigurationName = Release;
		};
		8A1234510002 /* Build configuration list for PBXNativeTarget "BookiTests" */ = {
			isa = XCConfigurationList;
			buildConfigurations = (
				8A1234500004 /* Debug */,
				8A1234500005 /* Release */,
			);
			defaultConfigurationIsVisible = 0;
			defaultConfigurationName = Release;
		};
/* End XCConfigurationList section */

/* Begin XCRemoteSwiftPackageReference section */
		8A1234600001 /* XCRemoteSwiftPackageReference "supabase-swift" */ = {
			isa = XCRemoteSwiftPackageReference;
			repositoryURL = "https://github.com/supabase/supabase-swift";
			requirement = {
				kind = upToNextMajorVersion;
				minimumVersion = 2.0.0;
			};
		};
/* End XCRemoteSwiftPackageReference section */

/* Begin XCSwiftPackageProductDependency section */
		8A1234590001 /* Supabase */ = {
			isa = XCSwiftPackageProductDependency;
			package = 8A1234600001 /* XCRemoteSwiftPackageReference "supabase-swift" */;
			productName = Supabase;
		};
/* End XCSwiftPackageProductDependency section */
	};
	rootObject = 8A1234520000 /* Project object */;
}
